// !$*UTF8*$!
{
	archiveVersion = 1;
	classes = {
	};
	objectVersion = 47;
	objects = {

/* Begin PBXBuildFile section */
		04684330D7648B05A995B85EDDBB8830 /* MCDUser.m in Sources */ = {isa = PBXBuildFile; fileRef = 361162CF61DD26BEAE56B58836C3DFEC /* MCDUser.m */; };
		06C04868CA36BA09AF7E662D80C19434 /* Area.plist in Resources */ = {isa = PBXBuildFile; fileRef = C7BCF146E5F5F0FB9035D73C5C2BAE32 /* Area.plist */; };
		0760BE0D3A03A55C27F43059604EFFAC /* AbstractActionSheetPicker.m in Sources */ = {isa = PBXBuildFile; fileRef = D480F53D1B3754EB44A295A539BB21EA /* AbstractActionSheetPicker.m */; };
		0B382B038DA2F79AAB71DA688C9D4A8E /* ActionSheetDatePicker.m in Sources */ = {isa = PBXBuildFile; fileRef = 1B8DFF8C736003F3A6FF640FB59B905A /* ActionSheetDatePicker.m */; };
		0C0DB7D4DA02D4F40BEEFC42BFB2CF32 /* MCDDrawerControllerHelper.m in Sources */ = {isa = PBXBuildFile; fileRef = B9A1C834CAC080627FF9C9499D1245B7 /* MCDDrawerControllerHelper.m */; };
		12458536D96A79ADB7A4739EC296695C /* LaunchScreen.xib in Resources */ = {isa = PBXBuildFile; fileRef = AB645FEE0637753C83582F30CEFD81A4 /* LaunchScreen.xib */; };
		15B9FE759F6F73A6C1312108CD833E1F /* Podfile in Resources */ = {isa = PBXBuildFile; fileRef = 5C6E155F616EC7022C7CDADCAE9DF294 /* Podfile */; };
		175062DED311ACCD98C384A85779FC3C /* MCDUserModifyPasswordViewController.m in Sources */ = {isa = PBXBuildFile; fileRef = BF921A7F7D4DE0BD53FDE1C086FD773C /* MCDUserModifyPasswordViewController.m */; };
		17BB90D78325355516407758648957AF /* MCDLoginViewController.m in Sources */ = {isa = PBXBuildFile; fileRef = 87CACC71DB3C654327859FBA7EA91385 /* MCDLoginViewController.m */; };
		1CF49AFB41332B7E1595FFE2DCB1CD6F /* Pods.framework in Frameworks */ = {isa = PBXBuildFile; fileRef = F6C7CFC41A70D51E16A7ECF949B0BE53 /* Pods.framework */; settings = {ATTRIBUTES = (Weak, ); }; };
		2857D38FA6DF2990721292330AA42946 /* DistancePickerView.m in Sources */ = {isa = PBXBuildFile; fileRef = 5F9C693EAC1928F09EAE948F0BD37405 /* DistancePickerView.m */; };
		293B17F4F2B44BA8E06982FE738CE293 /* MCDLeftDrawerViewController.m in Sources */ = {isa = PBXBuildFile; fileRef = C1B8DCD28C97320C51C9F2EC4210BDDE /* MCDLeftDrawerViewController.m */; };
		2D67A6C0D74CF6795A963DA9F055A3D6 /* MCDiaryTableViewCell.m in Sources */ = {isa = PBXBuildFile; fileRef = 88DB424BBC9837EF7390CD9FDD35EDDB /* MCDiaryTableViewCell.m */; };
		35F86E221BD2C1B3007DE39F /* MCDConfig.plist in Resources */ = {isa = PBXBuildFile; fileRef = 35F86E211BD2C1B3007DE39F /* MCDConfig.plist */; };
		35F86E251BD2C4C8007DE39F /* MCDMessageModel.m in Sources */ = {isa = PBXBuildFile; fileRef = 35F86E241BD2C4C8007DE39F /* MCDMessageModel.m */; };
		35F86E2A1BD2C587007DE39F /* MCDMessageParser.m in Sources */ = {isa = PBXBuildFile; fileRef = 35F86E271BD2C587007DE39F /* MCDMessageParser.m */; };
		35F86E2B1BD2C587007DE39F /* MCDMessageRequest.m in Sources */ = {isa = PBXBuildFile; fileRef = 35F86E291BD2C587007DE39F /* MCDMessageRequest.m */; };
		35F86E351BD2C6E0007DE39F /* MCDMessageTableViewCell.m in Sources */ = {isa = PBXBuildFile; fileRef = 35F86E301BD2C6E0007DE39F /* MCDMessageTableViewCell.m */; };
		35F86E361BD2C6E0007DE39F /* MCDMessageTableViewController.m in Sources */ = {isa = PBXBuildFile; fileRef = 35F86E321BD2C6E0007DE39F /* MCDMessageTableViewController.m */; };
		35F86E371BD2C6E0007DE39F /* MCDWebViewController.m in Sources */ = {isa = PBXBuildFile; fileRef = 35F86E341BD2C6E0007DE39F /* MCDWebViewController.m */; };
		35F86E3B1BD2C98A007DE39F /* MCDMessageViewModel.m in Sources */ = {isa = PBXBuildFile; fileRef = 35F86E3A1BD2C98A007DE39F /* MCDMessageViewModel.m */; };
		35F86E3E1BD2C9C8007DE39F /* Message.storyboard in Resources */ = {isa = PBXBuildFile; fileRef = 35F86E3D1BD2C9C8007DE39F /* Message.storyboard */; };
		3C4509D0645E02EE7541EBC964EFB87B /* MCDBorderView.xib in Resources */ = {isa = PBXBuildFile; fileRef = 13AC8C98AB7655FA6220ADFC98DFA353 /* MCDBorderView.xib */; };
		420271320B7E021261CB17CB1D159977 /* SWActionSheet.m in Sources */ = {isa = PBXBuildFile; fileRef = 43610C8BF94E169CE8F42AA832FEBF5A /* SWActionSheet.m */; };
		441F02BB5C55DDC681C38561BE096929 /* MCDButtonFormField.m in Sources */ = {isa = PBXBuildFile; fileRef = D712DD2C7F72E13F69CC7FA3D9B388AC /* MCDButtonFormField.m */; };
		44BCC09F17AC62B32236283A797C0B18 /* MCDiaryTimeLineViewController.m in Sources */ = {isa = PBXBuildFile; fileRef = 548A5FE5C857C16C586A943BEDD65CA6 /* MCDiaryTimeLineViewController.m */; };
		45ADD37B0A4E95299F470041D0ADC0B0 /* MCDAvatarView.xib in Resources */ = {isa = PBXBuildFile; fileRef = 1C4C712CFAA9C55B75392F40B4407E09 /* MCDAvatarView.xib */; };
		494FB69AC7C36A9867DC644396952E32 /* ActionSheetStringPicker.m in Sources */ = {isa = PBXBuildFile; fileRef = 0C63DA2E2B41BB7102348CD1500A7419 /* ActionSheetStringPicker.m */; };
		49FDBA643B7EB2148454D804924F9886 /* MCDBaseModel.m in Sources */ = {isa = PBXBuildFile; fileRef = 22DCE14A01E72C1A23E1F318CCAAC9A6 /* MCDBaseModel.m */; };
		4E52E7E1CE4A432B4C74D8A383109725 /* ActionSheetLocalePicker.m in Sources */ = {isa = PBXBuildFile; fileRef = F5177B2C08C2EDD58B6B0C08A84192BF /* ActionSheetLocalePicker.m */; };
		54827AE4C625159A157B839F55290711 /* MCDRadioFormField.xib in Resources */ = {isa = PBXBuildFile; fileRef = 4E2F3DD1C1659196DDFAE3F17877E1A5 /* MCDRadioFormField.xib */; };
		596965B9114BB345D49F20D326AA1883 /* MCDCloudUserInfo.m in Sources */ = {isa = PBXBuildFile; fileRef = 39369E5F952E2E0A782CD29A39A51B6B /* MCDCloudUserInfo.m */; };
		60FB302AC98FEB0D3B0F3863E19AA998 /* MCDButtonFormField.xib in Resources */ = {isa = PBXBuildFile; fileRef = 99D7740AA7AB0FBCFD0BE3704C4D9493 /* MCDButtonFormField.xib */; };
		623835A0E4BC097C04CE27C3255576D0 /* MCDBaseViewController.m in Sources */ = {isa = PBXBuildFile; fileRef = 1D8D20AE523D20C554A22BA2D4B15617 /* MCDBaseViewController.m */; };
		63EACDD3DB2DB3DD3A17018D983BDA41 /* MCDUserInfoContainerViewController.m in Sources */ = {isa = PBXBuildFile; fileRef = 5667A28E16E04B88404807E6DFACA9B5 /* MCDUserInfoContainerViewController.m */; };
		6E6081F29B5326D4BFA64E014E0C2347 /* MCDLoginViewModel.m in Sources */ = {isa = PBXBuildFile; fileRef = FAADB6E891AE93565606347D449A38A0 /* MCDLoginViewModel.m */; };
		73EF986EAB882A5A72E10D57059209E0 /* MCDBaseViewModel.m in Sources */ = {isa = PBXBuildFile; fileRef = 83637CBBE652B30AA7B47F1E5F298642 /* MCDBaseViewModel.m */; };
		75472B56E54632F348523388B028F7DD /* ActionSheetDistancePicker.m in Sources */ = {isa = PBXBuildFile; fileRef = 25E144F450DA32134E39B7A45AA6345A /* ActionSheetDistancePicker.m */; };
		7575013524221BD2CD05106A07A3A0A4 /* MCDCustomView.m in Sources */ = {isa = PBXBuildFile; fileRef = 88C49244566A6001AD6258158C103733 /* MCDCustomView.m */; };
		76255706E550D7882DBB25E38FB655F6 /* MCDPlaceHolderTextView.m in Sources */ = {isa = PBXBuildFile; fileRef = A31696AEA853902F1CABBBD3F08E0346 /* MCDPlaceHolderTextView.m */; };
		7AC2B1BC71685984D6AC0B0B8CEACC79 /* MCDMyPetDataModel.m in Sources */ = {isa = PBXBuildFile; fileRef = 1ACE270EB3D9F286D9681F958BAB6DFE /* MCDMyPetDataModel.m */; };
		7BF8180F30B92BE82C632CB88406AEC5 /* MCDRadioFormField.m in Sources */ = {isa = PBXBuildFile; fileRef = 07797222FFA0963315C3B4996E8929F6 /* MCDRadioFormField.m */; };
		7F1FA4D4249223C1124F27C253081175 /* Main.storyboard in Resources */ = {isa = PBXBuildFile; fileRef = 76FD20C202297F5891B400CBAB353A10 /* Main.storyboard */; };
		7F201402D9FF793E31F004B3718F8524 /* MCDPresentImagesViewController.m in Sources */ = {isa = PBXBuildFile; fileRef = AC964E1F06CD39AF7B82A2F0D003AEBB /* MCDPresentImagesViewController.m */; };
		82BB26BA7C5E8AA779F6D71A845DFE03 /* MCDHomeViewModel.m in Sources */ = {isa = PBXBuildFile; fileRef = 29CEC8F0BAC6111C81C1A9854127F3F2 /* MCDHomeViewModel.m */; };
		882204B07ECA163074F3F1B899307202 /* Images.xcassets in Resources */ = {isa = PBXBuildFile; fileRef = C50F631928AD8ED071DAF78C1F7F3049 /* Images.xcassets */; };
		912E182FA47B57248A1E9C4140EB420E /* MCDCreateDiaryViewController.m in Sources */ = {isa = PBXBuildFile; fileRef = 08937443AD366AEB86F60AEBD777A493 /* MCDCreateDiaryViewController.m */; };
		99D7FC2FDD119650D21018C5EA647B33 /* MCDiary.m in Sources */ = {isa = PBXBuildFile; fileRef = 1A08859B3A883AC29ED966263FF971B5 /* MCDiary.m */; };
		9A713CAC875B69B69043E39C1BBA193C /* MCDButtonView.xib in Resources */ = {isa = PBXBuildFile; fileRef = 4612D8B53C10D64A5CBF31CEC149D9DC /* MCDButtonView.xib */; };
		9B9B765A044C59A8802C1D1254A72D4D /* MCDTextFormField.xib in Resources */ = {isa = PBXBuildFile; fileRef = 50CCED126EABDB7DBE5EB917928D5A1F /* MCDTextFormField.xib */; };
		A01D82508803113774E8853B9C592251 /* MCDAvatarView.m in Sources */ = {isa = PBXBuildFile; fileRef = 0CE9946948B1131960E4BA9A5D26D497 /* MCDAvatarView.m */; };
		A39D8BBF715FCC400E9828A63B7B1DF3 /* MCDMyPet.m in Sources */ = {isa = PBXBuildFile; fileRef = 3ADC30AE14C3F47785D95BF00B98AB87 /* MCDMyPet.m */; };
		A47B5AF2536BC72C923B289B12F526C6 /* MCDSignupContainerViewController.m in Sources */ = {isa = PBXBuildFile; fileRef = 21A7D9AE4A4D5F325FD6C96492AD449E /* MCDSignupContainerViewController.m */; };
		A6577D74470094586D94E94F2B42CD00 /* MCDUserInfoContentViewModel.m in Sources */ = {isa = PBXBuildFile; fileRef = 952F52D1F9DD7ED47C9FA9530FAC7FF0 /* MCDUserInfoContentViewModel.m */; };
		A779B9D5AC867B88653DDA206B39F103 /* MCDUserInfoContentViewController.m in Sources */ = {isa = PBXBuildFile; fileRef = 010F1072AAAFA9BDBD7C8354232D03AD /* MCDUserInfoContentViewController.m */; };
		A7FF5988FECA62C391A45FAC33B700AD /* MCDUserModifyPasswordViewModel.m in Sources */ = {isa = PBXBuildFile; fileRef = 8841B7C97D50B30418A024E01FE446E2 /* MCDUserModifyPasswordViewModel.m */; };
		AA6AA023959872F4F72A91B274EA98BA /* MCDHomeViewController.m in Sources */ = {isa = PBXBuildFile; fileRef = C3502D95C778AC61C25727AAE6A340CB /* MCDHomeViewController.m */; };
		ABAA0941EABFC7CCC2600B88C5116126 /* Diary.storyboard in Resources */ = {isa = PBXBuildFile; fileRef = 20542579D6272F687DC575AB8E34E54F /* Diary.storyboard */; };
		AE6DB083C43D8FC0617C16E9EFED98ED /* UIColor+MCDiary.m in Sources */ = {isa = PBXBuildFile; fileRef = 9B49680DCF81809539597CEB163B0DDF /* UIColor+MCDiary.m */; };
		B2F268A6FE79BC38F620BED9D8F968A0 /* MCDAreaPickerViewModel.m in Sources */ = {isa = PBXBuildFile; fileRef = 7708646BAC110ACB4D4FAAF879E11523 /* MCDAreaPickerViewModel.m */; };
		B362A128F9B6AFBB20CE530EB984C81B /* MCDUserLocation.m in Sources */ = {isa = PBXBuildFile; fileRef = 30015BF332BFA8E89A2C5313598D064D /* MCDUserLocation.m */; };
		B4ADC9BB3955CD6FC060A981D7F1C10D /* MCDSignupContentViewController.m in Sources */ = {isa = PBXBuildFile; fileRef = 4CF4D17F9EE858BE833968794AAF8C09 /* MCDSignupContentViewController.m */; };
		B670DF9DD0CB75966718ABE1605228AF /* MyPet.storyboard in Resources */ = {isa = PBXBuildFile; fileRef = 64873F2D1848424F6E91F07B7D124072 /* MyPet.storyboard */; };
		BA0B33DE2CD612ADC87A5AD862ACC65B /* AppDelegate.m in Sources */ = {isa = PBXBuildFile; fileRef = 9AB0471C8F0E1EF8BDE6304560390343 /* AppDelegate.m */; };
		BA47D54B4BD331EBC953AD6EB18EFFC8 /* ActionSheetMultipleStringPicker.m in Sources */ = {isa = PBXBuildFile; fileRef = C599EE2EA4C44B23069E487821D0BC6A /* ActionSheetMultipleStringPicker.m */; };
		BE3B413439EF2605731F853B9D0A418C /* MCDCustomCell.m in Sources */ = {isa = PBXBuildFile; fileRef = 9255A05F066CC3006A99AB065006552D /* MCDCustomCell.m */; };
		D2D75828DE54A6097006A535A04C1934 /* ActionSheetCustomPicker.m in Sources */ = {isa = PBXBuildFile; fileRef = E406D2BDCCF366CD7E92EAF286820DC9 /* ActionSheetCustomPicker.m */; };
		D72C19EBA4F8B0FA7F010A4861D5E38B /* MCDBorderView.m in Sources */ = {isa = PBXBuildFile; fileRef = 1DFC213A94E5580985328D26A8FBE22A /* MCDBorderView.m */; };
		D8884C62E7A6850E4ADF36DC7D0F148F /* MCDSignupContentViewModel.m in Sources */ = {isa = PBXBuildFile; fileRef = 2BA7D303A7C061C4F8787B3DCC2A07AF /* MCDSignupContentViewModel.m */; };
		D8B1C0A782A006F05520469A5AC1E044 /* MCDDetailPetViewController.m in Sources */ = {isa = PBXBuildFile; fileRef = 25CD0B32BD45175F7A1C4B8359B9AF00 /* MCDDetailPetViewController.m */; };
		E546A7373EA53091789944E4A8E32825 /* MCDTextFormField.m in Sources */ = {isa = PBXBuildFile; fileRef = 1F05C2E08C397F38C73B6EEDEB3CEA24 /* MCDTextFormField.m */; };
		E97C55E6572274ADBC1BDDE98863C395 /* MCDButtonView.m in Sources */ = {isa = PBXBuildFile; fileRef = 9286610CCEA0F308817286B9419B781F /* MCDButtonView.m */; };
		EA8578F45F09BAE4FFEED9B657535FB4 /* User.storyboard in Resources */ = {isa = PBXBuildFile; fileRef = 576B666709B1B79298620F19645A2D32 /* User.storyboard */; };
		EBF2769AA84CC645715A3006D564E2CE /* MCDUserLocationHelper.m in Sources */ = {isa = PBXBuildFile; fileRef = AEA28D5431799358A09F1A072A468976 /* MCDUserLocationHelper.m */; };
		ECB575A6F33272295EF7BFCB71E023EE /* MCDMyPetViewController.m in Sources */ = {isa = PBXBuildFile; fileRef = DEC96F669D102C1CD2901A3DB435C052 /* MCDMyPetViewController.m */; };
		ED6737D6E5569A7A693EE8872EA9F1CF /* main.m in Sources */ = {isa = PBXBuildFile; fileRef = 98B4C0E72FEBCF92484300B13BD5E3F1 /* main.m */; };
		F50CDA65B6F6E76294C3FBF69D9A859E /* MCDShowImageViewController.m in Sources */ = {isa = PBXBuildFile; fileRef = 7CD23F2D6480D8B5EFFC113472288EE2 /* MCDShowImageViewController.m */; };
/* End PBXBuildFile section */

/* Begin PBXCopyFilesBuildPhase section */
		1CCD4D309892DE10D489CCF1E4AFCF75 /* Embed Frameworks */ = {
			isa = PBXCopyFilesBuildPhase;
			buildActionMask = 2147483647;
			dstPath = "";
			dstSubfolderSpec = 10;
			files = (
			);
			name = "Embed Frameworks";
			runOnlyForDeploymentPostprocessing = 0;
		};
/* End PBXCopyFilesBuildPhase section */

/* Begin PBXFileReference section */
		010F1072AAAFA9BDBD7C8354232D03AD /* MCDUserInfoContentViewController.m */ = {isa = PBXFileReference; fileEncoding = 4; lastKnownFileType = sourcecode.c.objc; path = MCDUserInfoContentViewController.m; sourceTree = "<group>"; };
		02751361EC141A047E06C292439605CC /* MCDCustomCell.h */ = {isa = PBXFileReference; fileEncoding = 4; lastKnownFileType = sourcecode.c.h; path = MCDCustomCell.h; sourceTree = "<group>"; };
		03DB849FA88BC99C26E0A1656BA6D1E8 /* MCDButtonFormField.h */ = {isa = PBXFileReference; fileEncoding = 4; lastKnownFileType = sourcecode.c.h; path = MCDButtonFormField.h; sourceTree = "<group>"; };
		07797222FFA0963315C3B4996E8929F6 /* MCDRadioFormField.m */ = {isa = PBXFileReference; fileEncoding = 4; lastKnownFileType = sourcecode.c.objc; path = MCDRadioFormField.m; sourceTree = "<group>"; };
		08937443AD366AEB86F60AEBD777A493 /* MCDCreateDiaryViewController.m */ = {isa = PBXFileReference; fileEncoding = 4; lastKnownFileType = sourcecode.c.objc; path = MCDCreateDiaryViewController.m; sourceTree = "<group>"; };
		09EB2E4F876AF2DC732E6E6DAB6EB1A5 /* MCDUser.h */ = {isa = PBXFileReference; fileEncoding = 4; lastKnownFileType = sourcecode.c.h; path = MCDUser.h; sourceTree = "<group>"; };
		0BE90ADB97B53F75A5596E4337C3ED2F /* MCDiary.app */ = {isa = PBXFileReference; explicitFileType = wrapper.application; includeInIndex = 0; path = MCDiary.app; sourceTree = BUILT_PRODUCTS_DIR; };
		0C63DA2E2B41BB7102348CD1500A7419 /* ActionSheetStringPicker.m */ = {isa = PBXFileReference; fileEncoding = 4; lastKnownFileType = sourcecode.c.objc; path = ActionSheetStringPicker.m; sourceTree = "<group>"; };
		0CE9946948B1131960E4BA9A5D26D497 /* MCDAvatarView.m */ = {isa = PBXFileReference; fileEncoding = 4; lastKnownFileType = sourcecode.c.objc; path = MCDAvatarView.m; sourceTree = "<group>"; };
		13AC8C98AB7655FA6220ADFC98DFA353 /* MCDBorderView.xib */ = {isa = PBXFileReference; fileEncoding = 4; lastKnownFileType = file.xib; path = MCDBorderView.xib; sourceTree = "<group>"; };
		14D852906CF11904D4B29C0079D1B8A2 /* MCDSignupContainerViewController.h */ = {isa = PBXFileReference; fileEncoding = 4; lastKnownFileType = sourcecode.c.h; path = MCDSignupContainerViewController.h; sourceTree = "<group>"; };
		152DABFAC725626294682DC980C76552 /* MCDUserModifyPasswordViewController.h */ = {isa = PBXFileReference; fileEncoding = 4; lastKnownFileType = sourcecode.c.h; path = MCDUserModifyPasswordViewController.h; sourceTree = "<group>"; };
		1841370CDB0DD01D2934764F2325A6A6 /* MCDPlaceHolderTextView.h */ = {isa = PBXFileReference; fileEncoding = 4; lastKnownFileType = sourcecode.c.h; path = MCDPlaceHolderTextView.h; sourceTree = "<group>"; };
		1A08859B3A883AC29ED966263FF971B5 /* MCDiary.m */ = {isa = PBXFileReference; fileEncoding = 4; lastKnownFileType = sourcecode.c.objc; path = MCDiary.m; sourceTree = "<group>"; };
		1ACE270EB3D9F286D9681F958BAB6DFE /* MCDMyPetDataModel.m */ = {isa = PBXFileReference; fileEncoding = 4; lastKnownFileType = sourcecode.c.objc; path = MCDMyPetDataModel.m; sourceTree = "<group>"; };
		1B8DFF8C736003F3A6FF640FB59B905A /* ActionSheetDatePicker.m */ = {isa = PBXFileReference; fileEncoding = 4; lastKnownFileType = sourcecode.c.objc; path = ActionSheetDatePicker.m; sourceTree = "<group>"; };
		1C4C712CFAA9C55B75392F40B4407E09 /* MCDAvatarView.xib */ = {isa = PBXFileReference; fileEncoding = 4; lastKnownFileType = file.xib; path = MCDAvatarView.xib; sourceTree = "<group>"; };
		1D8D20AE523D20C554A22BA2D4B15617 /* MCDBaseViewController.m */ = {isa = PBXFileReference; fileEncoding = 4; lastKnownFileType = sourcecode.c.objc; path = MCDBaseViewController.m; sourceTree = "<group>"; };
		1DBB465AF4C218CBF0842AAE97D390C8 /* MCDCloudUserInfo.h */ = {isa = PBXFileReference; fileEncoding = 4; lastKnownFileType = sourcecode.c.h; path = MCDCloudUserInfo.h; sourceTree = "<group>"; };
		1DFC213A94E5580985328D26A8FBE22A /* MCDBorderView.m */ = {isa = PBXFileReference; fileEncoding = 4; lastKnownFileType = sourcecode.c.objc; path = MCDBorderView.m; sourceTree = "<group>"; };
		1F05C2E08C397F38C73B6EEDEB3CEA24 /* MCDTextFormField.m */ = {isa = PBXFileReference; fileEncoding = 4; lastKnownFileType = sourcecode.c.objc; path = MCDTextFormField.m; sourceTree = "<group>"; };
		20542579D6272F687DC575AB8E34E54F /* Diary.storyboard */ = {isa = PBXFileReference; fileEncoding = 4; lastKnownFileType = file.storyboard; path = Diary.storyboard; sourceTree = "<group>"; };
		21A7D9AE4A4D5F325FD6C96492AD449E /* MCDSignupContainerViewController.m */ = {isa = PBXFileReference; fileEncoding = 4; lastKnownFileType = sourcecode.c.objc; path = MCDSignupContainerViewController.m; sourceTree = "<group>"; };
		22DCE14A01E72C1A23E1F318CCAAC9A6 /* MCDBaseModel.m */ = {isa = PBXFileReference; fileEncoding = 4; lastKnownFileType = sourcecode.c.objc; path = MCDBaseModel.m; sourceTree = "<group>"; };
		25CD0B32BD45175F7A1C4B8359B9AF00 /* MCDDetailPetViewController.m */ = {isa = PBXFileReference; fileEncoding = 4; lastKnownFileType = sourcecode.c.objc; path = MCDDetailPetViewController.m; sourceTree = "<group>"; };
		25E144F450DA32134E39B7A45AA6345A /* ActionSheetDistancePicker.m */ = {isa = PBXFileReference; fileEncoding = 4; lastKnownFileType = sourcecode.c.objc; path = ActionSheetDistancePicker.m; sourceTree = "<group>"; };
		29CEC8F0BAC6111C81C1A9854127F3F2 /* MCDHomeViewModel.m */ = {isa = PBXFileReference; fileEncoding = 4; lastKnownFileType = sourcecode.c.objc; path = MCDHomeViewModel.m; sourceTree = "<group>"; };
		2BA7D303A7C061C4F8787B3DCC2A07AF /* MCDSignupContentViewModel.m */ = {isa = PBXFileReference; fileEncoding = 4; lastKnownFileType = sourcecode.c.objc; path = MCDSignupContentViewModel.m; sourceTree = "<group>"; };
		2E530FFD82033A4D091019422B0A1FAD /* ActionSheetStringPicker.h */ = {isa = PBXFileReference; fileEncoding = 4; lastKnownFileType = sourcecode.c.h; path = ActionSheetStringPicker.h; sourceTree = "<group>"; };
		2F168869BE8E6B853B105BA9D6291A8E /* SWActionSheet.h */ = {isa = PBXFileReference; fileEncoding = 4; lastKnownFileType = sourcecode.c.h; path = SWActionSheet.h; sourceTree = "<group>"; };
		30015BF332BFA8E89A2C5313598D064D /* MCDUserLocation.m */ = {isa = PBXFileReference; fileEncoding = 4; lastKnownFileType = sourcecode.c.objc; path = MCDUserLocation.m; sourceTree = "<group>"; };
		318CDA9733FB5FF336995DFD3E5B96F9 /* MCDBaseViewModel.h */ = {isa = PBXFileReference; fileEncoding = 4; lastKnownFileType = sourcecode.c.h; path = MCDBaseViewModel.h; sourceTree = "<group>"; };
		35F86E211BD2C1B3007DE39F /* MCDConfig.plist */ = {isa = PBXFileReference; fileEncoding = 4; lastKnownFileType = text.plist.xml; path = MCDConfig.plist; sourceTree = "<group>"; };
		35F86E231BD2C4C8007DE39F /* MCDMessageModel.h */ = {isa = PBXFileReference; fileEncoding = 4; lastKnownFileType = sourcecode.c.h; path = MCDMessageModel.h; sourceTree = "<group>"; };
		35F86E241BD2C4C8007DE39F /* MCDMessageModel.m */ = {isa = PBXFileReference; fileEncoding = 4; lastKnownFileType = sourcecode.c.objc; path = MCDMessageModel.m; sourceTree = "<group>"; };
		35F86E261BD2C587007DE39F /* MCDMessageParser.h */ = {isa = PBXFileReference; fileEncoding = 4; lastKnownFileType = sourcecode.c.h; path = MCDMessageParser.h; sourceTree = "<group>"; };
		35F86E271BD2C587007DE39F /* MCDMessageParser.m */ = {isa = PBXFileReference; fileEncoding = 4; lastKnownFileType = sourcecode.c.objc; path = MCDMessageParser.m; sourceTree = "<group>"; };
		35F86E281BD2C587007DE39F /* MCDMessageRequest.h */ = {isa = PBXFileReference; fileEncoding = 4; lastKnownFileType = sourcecode.c.h; path = MCDMessageRequest.h; sourceTree = "<group>"; };
		35F86E291BD2C587007DE39F /* MCDMessageRequest.m */ = {isa = PBXFileReference; fileEncoding = 4; lastKnownFileType = sourcecode.c.objc; path = MCDMessageRequest.m; sourceTree = "<group>"; };
		35F86E2F1BD2C6E0007DE39F /* MCDMessageTableViewCell.h */ = {isa = PBXFileReference; fileEncoding = 4; lastKnownFileType = sourcecode.c.h; path = MCDMessageTableViewCell.h; sourceTree = "<group>"; };
		35F86E301BD2C6E0007DE39F /* MCDMessageTableViewCell.m */ = {isa = PBXFileReference; fileEncoding = 4; lastKnownFileType = sourcecode.c.objc; path = MCDMessageTableViewCell.m; sourceTree = "<group>"; };
		35F86E311BD2C6E0007DE39F /* MCDMessageTableViewController.h */ = {isa = PBXFileReference; fileEncoding = 4; lastKnownFileType = sourcecode.c.h; path = MCDMessageTableViewController.h; sourceTree = "<group>"; };
		35F86E321BD2C6E0007DE39F /* MCDMessageTableViewController.m */ = {isa = PBXFileReference; fileEncoding = 4; lastKnownFileType = sourcecode.c.objc; path = MCDMessageTableViewController.m; sourceTree = "<group>"; };
		35F86E331BD2C6E0007DE39F /* MCDWebViewController.h */ = {isa = PBXFileReference; fileEncoding = 4; lastKnownFileType = sourcecode.c.h; path = MCDWebViewController.h; sourceTree = "<group>"; };
		35F86E341BD2C6E0007DE39F /* MCDWebViewController.m */ = {isa = PBXFileReference; fileEncoding = 4; lastKnownFileType = sourcecode.c.objc; path = MCDWebViewController.m; sourceTree = "<group>"; };
		35F86E391BD2C98A007DE39F /* MCDMessageViewModel.h */ = {isa = PBXFileReference; fileEncoding = 4; lastKnownFileType = sourcecode.c.h; path = MCDMessageViewModel.h; sourceTree = "<group>"; };
		35F86E3A1BD2C98A007DE39F /* MCDMessageViewModel.m */ = {isa = PBXFileReference; fileEncoding = 4; lastKnownFileType = sourcecode.c.objc; path = MCDMessageViewModel.m; sourceTree = "<group>"; };
		35F86E3D1BD2C9C8007DE39F /* Message.storyboard */ = {isa = PBXFileReference; fileEncoding = 4; lastKnownFileType = file.storyboard; path = Message.storyboard; sourceTree = "<group>"; };
		361162CF61DD26BEAE56B58836C3DFEC /* MCDUser.m */ = {isa = PBXFileReference; fileEncoding = 4; lastKnownFileType = sourcecode.c.objc; path = MCDUser.m; sourceTree = "<group>"; };
		36B50923931CD17487C890E4AD900DDE /* MCDUserLocation.h */ = {isa = PBXFileReference; fileEncoding = 4; lastKnownFileType = sourcecode.c.h; path = MCDUserLocation.h; sourceTree = "<group>"; };
		39369E5F952E2E0A782CD29A39A51B6B /* MCDCloudUserInfo.m */ = {isa = PBXFileReference; fileEncoding = 4; lastKnownFileType = sourcecode.c.objc; path = MCDCloudUserInfo.m; sourceTree = "<group>"; };
		3ADC30AE14C3F47785D95BF00B98AB87 /* MCDMyPet.m */ = {isa = PBXFileReference; fileEncoding = 4; lastKnownFileType = sourcecode.c.objc; path = MCDMyPet.m; sourceTree = "<group>"; };
		3C8F9CDE29741D81F91343CA47BE5EBE /* MCDAreaPickerViewModel.h */ = {isa = PBXFileReference; fileEncoding = 4; lastKnownFileType = sourcecode.c.h; path = MCDAreaPickerViewModel.h; sourceTree = "<group>"; };
		43610C8BF94E169CE8F42AA832FEBF5A /* SWActionSheet.m */ = {isa = PBXFileReference; fileEncoding = 4; lastKnownFileType = sourcecode.c.objc; path = SWActionSheet.m; sourceTree = "<group>"; };
		43C13D90065CC5ED0D2F7504FA81BC9D /* MCDHomeViewModel.h */ = {isa = PBXFileReference; fileEncoding = 4; lastKnownFileType = sourcecode.c.h; path = MCDHomeViewModel.h; sourceTree = "<group>"; };
		454C31C368DE8A974ED46995ADDE1545 /* MCDiary.h */ = {isa = PBXFileReference; fileEncoding = 4; lastKnownFileType = sourcecode.c.h; path = MCDiary.h; sourceTree = "<group>"; };
		4612D8B53C10D64A5CBF31CEC149D9DC /* MCDButtonView.xib */ = {isa = PBXFileReference; fileEncoding = 4; lastKnownFileType = file.xib; path = MCDButtonView.xib; sourceTree = "<group>"; };
		4862D824DA5B005B59425C7C8B5151F3 /* MCDButtonView.h */ = {isa = PBXFileReference; fileEncoding = 4; lastKnownFileType = sourcecode.c.h; path = MCDButtonView.h; sourceTree = "<group>"; };
		4896D8EEAE1EC3D3D2D374CFA7999C44 /* MCDMyPetDataModel.h */ = {isa = PBXFileReference; fileEncoding = 4; lastKnownFileType = sourcecode.c.h; path = MCDMyPetDataModel.h; sourceTree = "<group>"; };
		4A3E9B1C22AA7820A278348E3E66399B /* ActionSheetCustomPicker.h */ = {isa = PBXFileReference; fileEncoding = 4; lastKnownFileType = sourcecode.c.h; path = ActionSheetCustomPicker.h; sourceTree = "<group>"; };
		4CF4D17F9EE858BE833968794AAF8C09 /* MCDSignupContentViewController.m */ = {isa = PBXFileReference; fileEncoding = 4; lastKnownFileType = sourcecode.c.objc; path = MCDSignupContentViewController.m; sourceTree = "<group>"; };
		4E2F3DD1C1659196DDFAE3F17877E1A5 /* MCDRadioFormField.xib */ = {isa = PBXFileReference; fileEncoding = 4; lastKnownFileType = file.xib; path = MCDRadioFormField.xib; sourceTree = "<group>"; };
		4EE7976C3504C136A49CD73004454283 /* ActionSheetCustomPickerDelegate.h */ = {isa = PBXFileReference; fileEncoding = 4; lastKnownFileType = sourcecode.c.h; path = ActionSheetCustomPickerDelegate.h; sourceTree = "<group>"; };
		50CCED126EABDB7DBE5EB917928D5A1F /* MCDTextFormField.xib */ = {isa = PBXFileReference; fileEncoding = 4; lastKnownFileType = file.xib; path = MCDTextFormField.xib; sourceTree = "<group>"; };
		512635DC272AF8CD043783BEC1244130 /* MCDUserInfoContainerViewController.h */ = {isa = PBXFileReference; fileEncoding = 4; lastKnownFileType = sourcecode.c.h; path = MCDUserInfoContainerViewController.h; sourceTree = "<group>"; };
		52CBB49B8A83B55BE49D9B270938EBD4 /* MCDLoginViewModel.h */ = {isa = PBXFileReference; fileEncoding = 4; lastKnownFileType = sourcecode.c.h; path = MCDLoginViewModel.h; sourceTree = "<group>"; };
		545603316D112EC9C352F780E119308C /* ActionSheetMultipleStringPicker.h */ = {isa = PBXFileReference; fileEncoding = 4; lastKnownFileType = sourcecode.c.h; path = ActionSheetMultipleStringPicker.h; sourceTree = "<group>"; };
		548A5FE5C857C16C586A943BEDD65CA6 /* MCDiaryTimeLineViewController.m */ = {isa = PBXFileReference; fileEncoding = 4; lastKnownFileType = sourcecode.c.objc; path = MCDiaryTimeLineViewController.m; sourceTree = "<group>"; };
		5667A28E16E04B88404807E6DFACA9B5 /* MCDUserInfoContainerViewController.m */ = {isa = PBXFileReference; fileEncoding = 4; lastKnownFileType = sourcecode.c.objc; path = MCDUserInfoContainerViewController.m; sourceTree = "<group>"; };
		576B666709B1B79298620F19645A2D32 /* User.storyboard */ = {isa = PBXFileReference; fileEncoding = 4; lastKnownFileType = file.storyboard; path = User.storyboard; sourceTree = "<group>"; };
		5947461EAE90AA2A044328B61028D7B0 /* UIColor+MCDiary.h */ = {isa = PBXFileReference; fileEncoding = 4; lastKnownFileType = sourcecode.c.h; path = "UIColor+MCDiary.h"; sourceTree = "<group>"; };
		5C6E155F616EC7022C7CDADCAE9DF294 /* Podfile */ = {isa = PBXFileReference; explicitFileType = text.script.ruby; fileEncoding = 4; path = Podfile; sourceTree = "<group>"; xcLanguageSpecificationIdentifier = xcode.lang.ruby; };
		5F9C693EAC1928F09EAE948F0BD37405 /* DistancePickerView.m */ = {isa = PBXFileReference; fileEncoding = 4; lastKnownFileType = sourcecode.c.objc; path = DistancePickerView.m; sourceTree = "<group>"; };
		61F463601D852DCCFC0A12D8F61CD69E /* MCDTextFormField.h */ = {isa = PBXFileReference; fileEncoding = 4; lastKnownFileType = sourcecode.c.h; path = MCDTextFormField.h; sourceTree = "<group>"; };
		64873F2D1848424F6E91F07B7D124072 /* MyPet.storyboard */ = {isa = PBXFileReference; fileEncoding = 4; lastKnownFileType = file.storyboard; path = MyPet.storyboard; sourceTree = "<group>"; };
		742E7235232DA1DDCB5B830AC262F6B4 /* MCDiaryTimeLineViewController.h */ = {isa = PBXFileReference; fileEncoding = 4; lastKnownFileType = sourcecode.c.h; path = MCDiaryTimeLineViewController.h; sourceTree = "<group>"; };
		76FD20C202297F5891B400CBAB353A10 /* Main.storyboard */ = {isa = PBXFileReference; fileEncoding = 4; lastKnownFileType = file.storyboard; path = Main.storyboard; sourceTree = "<group>"; };
		7708646BAC110ACB4D4FAAF879E11523 /* MCDAreaPickerViewModel.m */ = {isa = PBXFileReference; fileEncoding = 4; lastKnownFileType = sourcecode.c.objc; path = MCDAreaPickerViewModel.m; sourceTree = "<group>"; };
		7A2D42C411E3C675981D3AA048427F00 /* Pods.release.xcconfig */ = {isa = PBXFileReference; includeInIndex = 1; lastKnownFileType = text.xcconfig; name = Pods.release.xcconfig; path = "Pods/Target Support Files/Pods/Pods.release.xcconfig"; sourceTree = "<group>"; };
		7BDE021C0601683064993F256F08EFBB /* MCDLeftDrawerViewController.h */ = {isa = PBXFileReference; fileEncoding = 4; lastKnownFileType = sourcecode.c.h; path = MCDLeftDrawerViewController.h; sourceTree = "<group>"; };
		7CD23F2D6480D8B5EFFC113472288EE2 /* MCDShowImageViewController.m */ = {isa = PBXFileReference; fileEncoding = 4; lastKnownFileType = sourcecode.c.objc; path = MCDShowImageViewController.m; sourceTree = "<group>"; };
		7F0FD2654FDDE2070205B23AA252205D /* MCDUserInfoContentViewController.h */ = {isa = PBXFileReference; fileEncoding = 4; lastKnownFileType = sourcecode.c.h; path = MCDUserInfoContentViewController.h; sourceTree = "<group>"; };
		83637CBBE652B30AA7B47F1E5F298642 /* MCDBaseViewModel.m */ = {isa = PBXFileReference; fileEncoding = 4; lastKnownFileType = sourcecode.c.objc; path = MCDBaseViewModel.m; sourceTree = "<group>"; };
		83D829441458268E1191414D74B59565 /* MCDUserLocationHelper.h */ = {isa = PBXFileReference; fileEncoding = 4; lastKnownFileType = sourcecode.c.h; path = MCDUserLocationHelper.h; sourceTree = "<group>"; };
		87CACC71DB3C654327859FBA7EA91385 /* MCDLoginViewController.m */ = {isa = PBXFileReference; fileEncoding = 4; lastKnownFileType = sourcecode.c.objc; path = MCDLoginViewController.m; sourceTree = "<group>"; };
		8841B7C97D50B30418A024E01FE446E2 /* MCDUserModifyPasswordViewModel.m */ = {isa = PBXFileReference; fileEncoding = 4; lastKnownFileType = sourcecode.c.objc; path = MCDUserModifyPasswordViewModel.m; sourceTree = "<group>"; };
		88C49244566A6001AD6258158C103733 /* MCDCustomView.m */ = {isa = PBXFileReference; fileEncoding = 4; lastKnownFileType = sourcecode.c.objc; path = MCDCustomView.m; sourceTree = "<group>"; };
		88DB424BBC9837EF7390CD9FDD35EDDB /* MCDiaryTableViewCell.m */ = {isa = PBXFileReference; fileEncoding = 4; lastKnownFileType = sourcecode.c.objc; path = MCDiaryTableViewCell.m; sourceTree = "<group>"; };
		8BFC12CFB3C0A03ED06C7A08CCC3C63D /* MCDBaseViewController.h */ = {isa = PBXFileReference; fileEncoding = 4; lastKnownFileType = sourcecode.c.h; path = MCDBaseViewController.h; sourceTree = "<group>"; };
		8DBBDC29AFD1D4F0ADF37C6C8685B9C3 /* Pods.debug.xcconfig */ = {isa = PBXFileReference; includeInIndex = 1; lastKnownFileType = text.xcconfig; name = Pods.debug.xcconfig; path = "Pods/Target Support Files/Pods/Pods.debug.xcconfig"; sourceTree = "<group>"; };
		9125ADACCA212DC044B5C873318BAFD1 /* MCDUserModifyPasswordViewModel.h */ = {isa = PBXFileReference; fileEncoding = 4; lastKnownFileType = sourcecode.c.h; path = MCDUserModifyPasswordViewModel.h; sourceTree = "<group>"; };
		9255A05F066CC3006A99AB065006552D /* MCDCustomCell.m */ = {isa = PBXFileReference; fileEncoding = 4; lastKnownFileType = sourcecode.c.objc; path = MCDCustomCell.m; sourceTree = "<group>"; };
		9286610CCEA0F308817286B9419B781F /* MCDButtonView.m */ = {isa = PBXFileReference; fileEncoding = 4; lastKnownFileType = sourcecode.c.objc; path = MCDButtonView.m; sourceTree = "<group>"; };
		93E0C54A88F8036FB7783CC62E28C65D /* MCDPresentImagesViewController.h */ = {isa = PBXFileReference; fileEncoding = 4; lastKnownFileType = sourcecode.c.h; path = MCDPresentImagesViewController.h; sourceTree = "<group>"; };
		952F52D1F9DD7ED47C9FA9530FAC7FF0 /* MCDUserInfoContentViewModel.m */ = {isa = PBXFileReference; fileEncoding = 4; lastKnownFileType = sourcecode.c.objc; path = MCDUserInfoContentViewModel.m; sourceTree = "<group>"; };
		98B4C0E72FEBCF92484300B13BD5E3F1 /* main.m */ = {isa = PBXFileReference; fileEncoding = 4; lastKnownFileType = sourcecode.c.objc; path = main.m; sourceTree = "<group>"; };
		99D7740AA7AB0FBCFD0BE3704C4D9493 /* MCDButtonFormField.xib */ = {isa = PBXFileReference; fileEncoding = 4; lastKnownFileType = file.xib; path = MCDButtonFormField.xib; sourceTree = "<group>"; };
		9A020AB30C3B22C4422D9AAA587E1778 /* MCDAvatarView.h */ = {isa = PBXFileReference; fileEncoding = 4; lastKnownFileType = sourcecode.c.h; path = MCDAvatarView.h; sourceTree = "<group>"; };
		9A7DD4D6A952AF4A28491ABDBDE5E5B8 /* MCDHomeViewController.h */ = {isa = PBXFileReference; fileEncoding = 4; lastKnownFileType = sourcecode.c.h; path = MCDHomeViewController.h; sourceTree = "<group>"; };
		9AB0471C8F0E1EF8BDE6304560390343 /* AppDelegate.m */ = {isa = PBXFileReference; fileEncoding = 4; lastKnownFileType = sourcecode.c.objc; path = AppDelegate.m; sourceTree = "<group>"; };
		9AE3246C2EC022FF529E33BEB30D5E7D /* ActionSheetPicker.h */ = {isa = PBXFileReference; fileEncoding = 4; lastKnownFileType = sourcecode.c.h; path = ActionSheetPicker.h; sourceTree = "<group>"; };
		9B49680DCF81809539597CEB163B0DDF /* UIColor+MCDiary.m */ = {isa = PBXFileReference; fileEncoding = 4; lastKnownFileType = sourcecode.c.objc; path = "UIColor+MCDiary.m"; sourceTree = "<group>"; };
		A31696AEA853902F1CABBBD3F08E0346 /* MCDPlaceHolderTextView.m */ = {isa = PBXFileReference; fileEncoding = 4; lastKnownFileType = sourcecode.c.objc; path = MCDPlaceHolderTextView.m; sourceTree = "<group>"; };
		A9D968307307ED3DEC331D66DEB44F77 /* MCDMyPetViewController.h */ = {isa = PBXFileReference; fileEncoding = 4; lastKnownFileType = sourcecode.c.h; path = MCDMyPetViewController.h; sourceTree = "<group>"; };
		AA2ECCB4084C93DDE6F394E0AA56DAC9 /* ActionSheetDistancePicker.h */ = {isa = PBXFileReference; fileEncoding = 4; lastKnownFileType = sourcecode.c.h; path = ActionSheetDistancePicker.h; sourceTree = "<group>"; };
		AA328DF1B8FAD9A654363589B9E2DB2F /* MCDBorderView.h */ = {isa = PBXFileReference; fileEncoding = 4; lastKnownFileType = sourcecode.c.h; path = MCDBorderView.h; sourceTree = "<group>"; };
		AAE3C7C01E0DA51C5E402612A11CF831 /* MCDSignupContentViewModel.h */ = {isa = PBXFileReference; fileEncoding = 4; lastKnownFileType = sourcecode.c.h; path = MCDSignupContentViewModel.h; sourceTree = "<group>"; };
		AB645FEE0637753C83582F30CEFD81A4 /* LaunchScreen.xib */ = {isa = PBXFileReference; fileEncoding = 4; lastKnownFileType = file.xib; path = LaunchScreen.xib; sourceTree = "<group>"; };
		AC964E1F06CD39AF7B82A2F0D003AEBB /* MCDPresentImagesViewController.m */ = {isa = PBXFileReference; fileEncoding = 4; lastKnownFileType = sourcecode.c.objc; path = MCDPresentImagesViewController.m; sourceTree = "<group>"; };
		ADFDC724C115936972A09B73CAA1AECD /* MCDLoginViewController.h */ = {isa = PBXFileReference; fileEncoding = 4; lastKnownFileType = sourcecode.c.h; path = MCDLoginViewController.h; sourceTree = "<group>"; };
		AEA28D5431799358A09F1A072A468976 /* MCDUserLocationHelper.m */ = {isa = PBXFileReference; fileEncoding = 4; lastKnownFileType = sourcecode.c.objc; path = MCDUserLocationHelper.m; sourceTree = "<group>"; };
		B6716A68AF191237D1238F889C98AE92 /* MCDDrawerControllerHelper.h */ = {isa = PBXFileReference; fileEncoding = 4; lastKnownFileType = sourcecode.c.h; path = MCDDrawerControllerHelper.h; sourceTree = "<group>"; };
		B9A1C834CAC080627FF9C9499D1245B7 /* MCDDrawerControllerHelper.m */ = {isa = PBXFileReference; fileEncoding = 4; lastKnownFileType = sourcecode.c.objc; path = MCDDrawerControllerHelper.m; sourceTree = "<group>"; };
		BF921A7F7D4DE0BD53FDE1C086FD773C /* MCDUserModifyPasswordViewController.m */ = {isa = PBXFileReference; fileEncoding = 4; lastKnownFileType = sourcecode.c.objc; path = MCDUserModifyPasswordViewController.m; sourceTree = "<group>"; };
		C01C5E29E7081DE929CFE22F3F2559E7 /* MCDPrefixHeader.pch */ = {isa = PBXFileReference; fileEncoding = 4; lastKnownFileType = sourcecode.c.h; path = MCDPrefixHeader.pch; sourceTree = "<group>"; };
		C1B8DCD28C97320C51C9F2EC4210BDDE /* MCDLeftDrawerViewController.m */ = {isa = PBXFileReference; fileEncoding = 4; lastKnownFileType = sourcecode.c.objc; path = MCDLeftDrawerViewController.m; sourceTree = "<group>"; };
		C2F11E13E28983A8821058D7A409B354 /* MCDDetailPetViewController.h */ = {isa = PBXFileReference; fileEncoding = 4; lastKnownFileType = sourcecode.c.h; path = MCDDetailPetViewController.h; sourceTree = "<group>"; };
		C3502D95C778AC61C25727AAE6A340CB /* MCDHomeViewController.m */ = {isa = PBXFileReference; fileEncoding = 4; lastKnownFileType = sourcecode.c.objc; path = MCDHomeViewController.m; sourceTree = "<group>"; };
		C50F631928AD8ED071DAF78C1F7F3049 /* Images.xcassets */ = {isa = PBXFileReference; lastKnownFileType = folder.assetcatalog; path = Images.xcassets; sourceTree = "<group>"; };
		C599EE2EA4C44B23069E487821D0BC6A /* ActionSheetMultipleStringPicker.m */ = {isa = PBXFileReference; fileEncoding = 4; lastKnownFileType = sourcecode.c.objc; path = ActionSheetMultipleStringPicker.m; sourceTree = "<group>"; };
		C7BCF146E5F5F0FB9035D73C5C2BAE32 /* Area.plist */ = {isa = PBXFileReference; fileEncoding = 4; lastKnownFileType = text.plist.xml; path = Area.plist; sourceTree = "<group>"; };
		CA6889C4D1F3A9824488C3A1E5F4B932 /* DistancePickerView.h */ = {isa = PBXFileReference; fileEncoding = 4; lastKnownFileType = sourcecode.c.h; path = DistancePickerView.h; sourceTree = "<group>"; };
		D3BACEF315244357612CAD3E71F6096E /* MCDShowImageViewController.h */ = {isa = PBXFileReference; fileEncoding = 4; lastKnownFileType = sourcecode.c.h; path = MCDShowImageViewController.h; sourceTree = "<group>"; };
		D480F53D1B3754EB44A295A539BB21EA /* AbstractActionSheetPicker.m */ = {isa = PBXFileReference; fileEncoding = 4; lastKnownFileType = sourcecode.c.objc; path = AbstractActionSheetPicker.m; sourceTree = "<group>"; };
		D712DD2C7F72E13F69CC7FA3D9B388AC /* MCDButtonFormField.m */ = {isa = PBXFileReference; fileEncoding = 4; lastKnownFileType = sourcecode.c.objc; path = MCDButtonFormField.m; sourceTree = "<group>"; };
		DA65278F1E43D35A77A0B4D255FBF7CC /* ActionSheetDatePicker.h */ = {isa = PBXFileReference; fileEncoding = 4; lastKnownFileType = sourcecode.c.h; path = ActionSheetDatePicker.h; sourceTree = "<group>"; };
		DBCFFF618B992B514377EE3394B3F573 /* MCDMyPet.h */ = {isa = PBXFileReference; fileEncoding = 4; lastKnownFileType = sourcecode.c.h; path = MCDMyPet.h; sourceTree = "<group>"; };
		DEC96F669D102C1CD2901A3DB435C052 /* MCDMyPetViewController.m */ = {isa = PBXFileReference; fileEncoding = 4; lastKnownFileType = sourcecode.c.objc; path = MCDMyPetViewController.m; sourceTree = "<group>"; };
		DEF5BAD9CC7231396A418A9417271B5F /* Info.plist */ = {isa = PBXFileReference; fileEncoding = 4; lastKnownFileType = text.plist.xml; path = Info.plist; sourceTree = "<group>"; };
		DFBAE70832D23EBEF7A0863E5DC829A1 /* MCDSignupContentViewController.h */ = {isa = PBXFileReference; fileEncoding = 4; lastKnownFileType = sourcecode.c.h; path = MCDSignupContentViewController.h; sourceTree = "<group>"; };
		E302A69A7E0029DD59D48352CDB88FFF /* MCDiaryTableViewCell.h */ = {isa = PBXFileReference; fileEncoding = 4; lastKnownFileType = sourcecode.c.h; path = MCDiaryTableViewCell.h; sourceTree = "<group>"; };
		E3B8FEE53FBECE0C0CD5B783407AD553 /* AppDelegate.h */ = {isa = PBXFileReference; fileEncoding = 4; lastKnownFileType = sourcecode.c.h; path = AppDelegate.h; sourceTree = "<group>"; };
		E406D2BDCCF366CD7E92EAF286820DC9 /* ActionSheetCustomPicker.m */ = {isa = PBXFileReference; fileEncoding = 4; lastKnownFileType = sourcecode.c.objc; path = ActionSheetCustomPicker.m; sourceTree = "<group>"; };
		E617AA4BDCFEC6ABB6F0FA478435D446 /* MCDRadioFormField.h */ = {isa = PBXFileReference; fileEncoding = 4; lastKnownFileType = sourcecode.c.h; path = MCDRadioFormField.h; sourceTree = "<group>"; };
		E8FC12F5E14FB9F1EDA2B5F14D6FB0FC /* MCDBaseModel.h */ = {isa = PBXFileReference; fileEncoding = 4; lastKnownFileType = sourcecode.c.h; path = MCDBaseModel.h; sourceTree = "<group>"; };
		EE38B5C835894643406C4A0CCEEDF28A /* MCDCreateDiaryViewController.h */ = {isa = PBXFileReference; fileEncoding = 4; lastKnownFileType = sourcecode.c.h; path = MCDCreateDiaryViewController.h; sourceTree = "<group>"; };
		EF79420C03F8ABC28D96ADCB37AC37BE /* AbstractActionSheetPicker.h */ = {isa = PBXFileReference; fileEncoding = 4; lastKnownFileType = sourcecode.c.h; path = AbstractActionSheetPicker.h; sourceTree = "<group>"; };
		F5177B2C08C2EDD58B6B0C08A84192BF /* ActionSheetLocalePicker.m */ = {isa = PBXFileReference; fileEncoding = 4; lastKnownFileType = sourcecode.c.objc; path = ActionSheetLocalePicker.m; sourceTree = "<group>"; };
		F6C7CFC41A70D51E16A7ECF949B0BE53 /* Pods.framework */ = {isa = PBXFileReference; explicitFileType = wrapper.framework; includeInIndex = 0; path = Pods.framework; sourceTree = BUILT_PRODUCTS_DIR; };
		FAADB6E891AE93565606347D449A38A0 /* MCDLoginViewModel.m */ = {isa = PBXFileReference; fileEncoding = 4; lastKnownFileType = sourcecode.c.objc; path = MCDLoginViewModel.m; sourceTree = "<group>"; };
		FC4AF992A7E2F0D3F22BEFF7AAC35D9B /* MCDCustomView.h */ = {isa = PBXFileReference; fileEncoding = 4; lastKnownFileType = sourcecode.c.h; path = MCDCustomView.h; sourceTree = "<group>"; };
		FC65EA562EF0A4F2C8A65012117A09C8 /* MCDUserInfoContentViewModel.h */ = {isa = PBXFileReference; fileEncoding = 4; lastKnownFileType = sourcecode.c.h; path = MCDUserInfoContentViewModel.h; sourceTree = "<group>"; };
		FEA1BB18A6EA5A68059BD35B4536ECD7 /* ActionSheetLocalePicker.h */ = {isa = PBXFileReference; fileEncoding = 4; lastKnownFileType = sourcecode.c.h; path = ActionSheetLocalePicker.h; sourceTree = "<group>"; };
/* End PBXFileReference section */

/* Begin PBXFrameworksBuildPhase section */
		80FE8099DD1CE9A47E6E94A22367BDEC /* Frameworks */ = {
			isa = PBXFrameworksBuildPhase;
			buildActionMask = 2147483647;
			files = (
				1CF49AFB41332B7E1595FFE2DCB1CD6F /* Pods.framework in Frameworks */,
			);
			runOnlyForDeploymentPostprocessing = 0;
		};
/* End PBXFrameworksBuildPhase section */

/* Begin PBXGroup section */
		05BE1AEE12F0F1982A90B90D0D781AD6 /* Home */ = {
			isa = PBXGroup;
			children = (
				9A7DD4D6A952AF4A28491ABDBDE5E5B8 /* MCDHomeViewController.h */,
				C3502D95C778AC61C25727AAE6A340CB /* MCDHomeViewController.m */,
				7BDE021C0601683064993F256F08EFBB /* MCDLeftDrawerViewController.h */,
				C1B8DCD28C97320C51C9F2EC4210BDDE /* MCDLeftDrawerViewController.m */,
			);
			path = Home;
			sourceTree = "<group>";
		};
		0A4A81F8722E5B06CC2265B333DF6F97 /* Global */ = {
			isa = PBXGroup;
			children = (
				E3B8FEE53FBECE0C0CD5B783407AD553 /* AppDelegate.h */,
				9AB0471C8F0E1EF8BDE6304560390343 /* AppDelegate.m */,
			);
			path = Global;
			sourceTree = "<group>";
		};
		16309ABCED11200A210D888A62CBC98C /* Frameworks */ = {
			isa = PBXGroup;
			children = (
				F6C7CFC41A70D51E16A7ECF949B0BE53 /* Pods.framework */,
			);
			name = Frameworks;
			sourceTree = "<group>";
		};
		32C5C00CDA9E9EE86B6414ACC646FB93 /* Diary */ = {
			isa = PBXGroup;
			children = (
				EE38B5C835894643406C4A0CCEEDF28A /* MCDCreateDiaryViewController.h */,
				08937443AD366AEB86F60AEBD777A493 /* MCDCreateDiaryViewController.m */,
				93E0C54A88F8036FB7783CC62E28C65D /* MCDPresentImagesViewController.h */,
				AC964E1F06CD39AF7B82A2F0D003AEBB /* MCDPresentImagesViewController.m */,
				D3BACEF315244357612CAD3E71F6096E /* MCDShowImageViewController.h */,
				7CD23F2D6480D8B5EFFC113472288EE2 /* MCDShowImageViewController.m */,
				742E7235232DA1DDCB5B830AC262F6B4 /* MCDiaryTimeLineViewController.h */,
				548A5FE5C857C16C586A943BEDD65CA6 /* MCDiaryTimeLineViewController.m */,
			);
			path = Diary;
			sourceTree = "<group>";
		};
		35F86E2C1BD2C58D007DE39F /* Network */ = {
			isa = PBXGroup;
			children = (
				35F86E2D1BD2C5A0007DE39F /* Parsers */,
				35F86E2E1BD2C5AE007DE39F /* Requests */,
			);
			name = Network;
			sourceTree = "<group>";
		};
		35F86E2D1BD2C5A0007DE39F /* Parsers */ = {
			isa = PBXGroup;
			children = (
				35F86E261BD2C587007DE39F /* MCDMessageParser.h */,
				35F86E271BD2C587007DE39F /* MCDMessageParser.m */,
			);
			name = Parsers;
			sourceTree = "<group>";
		};
		35F86E2E1BD2C5AE007DE39F /* Requests */ = {
			isa = PBXGroup;
			children = (
				35F86E281BD2C587007DE39F /* MCDMessageRequest.h */,
				35F86E291BD2C587007DE39F /* MCDMessageRequest.m */,
			);
			name = Requests;
			sourceTree = "<group>";
		};
		35F86E381BD2C6E9007DE39F /* Message */ = {
			isa = PBXGroup;
			children = (
				35F86E2F1BD2C6E0007DE39F /* MCDMessageTableViewCell.h */,
				35F86E301BD2C6E0007DE39F /* MCDMessageTableViewCell.m */,
				35F86E311BD2C6E0007DE39F /* MCDMessageTableViewController.h */,
				35F86E321BD2C6E0007DE39F /* MCDMessageTableViewController.m */,
				35F86E331BD2C6E0007DE39F /* MCDWebViewController.h */,
				35F86E341BD2C6E0007DE39F /* MCDWebViewController.m */,
			);
			name = Message;
			sourceTree = "<group>";
		};
		35F86E3C1BD2C98E007DE39F /* Message */ = {
			isa = PBXGroup;
			children = (
				35F86E391BD2C98A007DE39F /* MCDMessageViewModel.h */,
				35F86E3A1BD2C98A007DE39F /* MCDMessageViewModel.m */,
			);
			name = Message;
			sourceTree = "<group>";
		};
		3AAA3A9945377A510B5CB71112F56384 /* Common */ = {
			isa = PBXGroup;
			children = (
				9A020AB30C3B22C4422D9AAA587E1778 /* MCDAvatarView.h */,
				0CE9946948B1131960E4BA9A5D26D497 /* MCDAvatarView.m */,
				AA328DF1B8FAD9A654363589B9E2DB2F /* MCDBorderView.h */,
				1DFC213A94E5580985328D26A8FBE22A /* MCDBorderView.m */,
				03DB849FA88BC99C26E0A1656BA6D1E8 /* MCDButtonFormField.h */,
				D712DD2C7F72E13F69CC7FA3D9B388AC /* MCDButtonFormField.m */,
				4862D824DA5B005B59425C7C8B5151F3 /* MCDButtonView.h */,
				9286610CCEA0F308817286B9419B781F /* MCDButtonView.m */,
				FC4AF992A7E2F0D3F22BEFF7AAC35D9B /* MCDCustomView.h */,
				88C49244566A6001AD6258158C103733 /* MCDCustomView.m */,
				E617AA4BDCFEC6ABB6F0FA478435D446 /* MCDRadioFormField.h */,
				07797222FFA0963315C3B4996E8929F6 /* MCDRadioFormField.m */,
				61F463601D852DCCFC0A12D8F61CD69E /* MCDTextFormField.h */,
				1F05C2E08C397F38C73B6EEDEB3CEA24 /* MCDTextFormField.m */,
			);
			path = Common;
			sourceTree = "<group>";
		};
		6C58B70F2E1B17029A58FAA57548271D /* ActionSheetPicker */ = {
			isa = PBXGroup;
			children = (
				EF79420C03F8ABC28D96ADCB37AC37BE /* AbstractActionSheetPicker.h */,
				D480F53D1B3754EB44A295A539BB21EA /* AbstractActionSheetPicker.m */,
				4A3E9B1C22AA7820A278348E3E66399B /* ActionSheetCustomPicker.h */,
				E406D2BDCCF366CD7E92EAF286820DC9 /* ActionSheetCustomPicker.m */,
				4EE7976C3504C136A49CD73004454283 /* ActionSheetCustomPickerDelegate.h */,
				DA65278F1E43D35A77A0B4D255FBF7CC /* ActionSheetDatePicker.h */,
				1B8DFF8C736003F3A6FF640FB59B905A /* ActionSheetDatePicker.m */,
				AA2ECCB4084C93DDE6F394E0AA56DAC9 /* ActionSheetDistancePicker.h */,
				25E144F450DA32134E39B7A45AA6345A /* ActionSheetDistancePicker.m */,
				FEA1BB18A6EA5A68059BD35B4536ECD7 /* ActionSheetLocalePicker.h */,
				F5177B2C08C2EDD58B6B0C08A84192BF /* ActionSheetLocalePicker.m */,
				545603316D112EC9C352F780E119308C /* ActionSheetMultipleStringPicker.h */,
				C599EE2EA4C44B23069E487821D0BC6A /* ActionSheetMultipleStringPicker.m */,
				9AE3246C2EC022FF529E33BEB30D5E7D /* ActionSheetPicker.h */,
				2E530FFD82033A4D091019422B0A1FAD /* ActionSheetStringPicker.h */,
				0C63DA2E2B41BB7102348CD1500A7419 /* ActionSheetStringPicker.m */,
				CA6889C4D1F3A9824488C3A1E5F4B932 /* DistancePickerView.h */,
				5F9C693EAC1928F09EAE948F0BD37405 /* DistancePickerView.m */,
				2F168869BE8E6B853B105BA9D6291A8E /* SWActionSheet.h */,
				43610C8BF94E169CE8F42AA832FEBF5A /* SWActionSheet.m */,
			);
			path = ActionSheetPicker;
			sourceTree = "<group>";
		};
		8DE0474BAB526BC9ADD9261319F5F7FF /* Products */ = {
			isa = PBXGroup;
			children = (
				0BE90ADB97B53F75A5596E4337C3ED2F /* MCDiary.app */,
			);
			name = Products;
			sourceTree = "<group>";
		};
		9491434AF38DFCA3AC473A0F64BD2432 /* CloudModels */ = {
			isa = PBXGroup;
			children = (
				1DBB465AF4C218CBF0842AAE97D390C8 /* MCDCloudUserInfo.h */,
				39369E5F952E2E0A782CD29A39A51B6B /* MCDCloudUserInfo.m */,
			);
			path = CloudModels;
			sourceTree = "<group>";
		};
		96B355599930780F7AB2F9CC7235E5AF /* User */ = {
			isa = PBXGroup;
			children = (
				3C8F9CDE29741D81F91343CA47BE5EBE /* MCDAreaPickerViewModel.h */,
				7708646BAC110ACB4D4FAAF879E11523 /* MCDAreaPickerViewModel.m */,
				52CBB49B8A83B55BE49D9B270938EBD4 /* MCDLoginViewModel.h */,
				FAADB6E891AE93565606347D449A38A0 /* MCDLoginViewModel.m */,
				AAE3C7C01E0DA51C5E402612A11CF831 /* MCDSignupContentViewModel.h */,
				2BA7D303A7C061C4F8787B3DCC2A07AF /* MCDSignupContentViewModel.m */,
				FC65EA562EF0A4F2C8A65012117A09C8 /* MCDUserInfoContentViewModel.h */,
				952F52D1F9DD7ED47C9FA9530FAC7FF0 /* MCDUserInfoContentViewModel.m */,
				9125ADACCA212DC044B5C873318BAFD1 /* MCDUserModifyPasswordViewModel.h */,
				8841B7C97D50B30418A024E01FE446E2 /* MCDUserModifyPasswordViewModel.m */,
			);
			path = User;
			sourceTree = "<group>";
		};
		987CA3B3E8733563BF271F7B9170C5FF /* Pods */ = {
			isa = PBXGroup;
			children = (
				8DBBDC29AFD1D4F0ADF37C6C8685B9C3 /* Pods.debug.xcconfig */,
				7A2D42C411E3C675981D3AA048427F00 /* Pods.release.xcconfig */,
			);
			name = Pods;
			sourceTree = "<group>";
		};
		9ABDD9FDB6FAD258C39AA1DE6B4125B8 /* Views */ = {
			isa = PBXGroup;
			children = (
				3AAA3A9945377A510B5CB71112F56384 /* Common */,
				C8A698D1E8899350E1E089F705F4D236 /* Diary */,
				AF178C3E11EEDC08602214AC837132B7 /* MyPet */,
			);
			path = Views;
			sourceTree = "<group>";
		};
		9D084389520BADC0806E653C7C013058 /* Supporting Files */ = {
			isa = PBXGroup;
			children = (
				DEF5BAD9CC7231396A418A9417271B5F /* Info.plist */,
				C01C5E29E7081DE929CFE22F3F2559E7 /* MCDPrefixHeader.pch */,
				98B4C0E72FEBCF92484300B13BD5E3F1 /* main.m */,
			);
			path = "Supporting Files";
			sourceTree = "<group>";
		};
		9F90CA14F2937194A9B077BAB81B9247 /* XIBs */ = {
			isa = PBXGroup;
			children = (
				B75078E517C418E5B9719202E25D5497 /* Common */,
				20542579D6272F687DC575AB8E34E54F /* Diary.storyboard */,
				AB645FEE0637753C83582F30CEFD81A4 /* LaunchScreen.xib */,
				76FD20C202297F5891B400CBAB353A10 /* Main.storyboard */,
				35F86E3D1BD2C9C8007DE39F /* Message.storyboard */,
				64873F2D1848424F6E91F07B7D124072 /* MyPet.storyboard */,
				576B666709B1B79298620F19645A2D32 /* User.storyboard */,
			);
			path = XIBs;
			sourceTree = "<group>";
		};
		AB3590FA6788B33678B1EA4C2572A8DD /* Data */ = {
			isa = PBXGroup;
			children = (
				C7BCF146E5F5F0FB9035D73C5C2BAE32 /* Area.plist */,
				35F86E211BD2C1B3007DE39F /* MCDConfig.plist */,
			);
			path = Data;
			sourceTree = "<group>";
		};
		AD63591E1B467C93D8E71F9608236953 /* Base */ = {
			isa = PBXGroup;
			children = (
				318CDA9733FB5FF336995DFD3E5B96F9 /* MCDBaseViewModel.h */,
				83637CBBE652B30AA7B47F1E5F298642 /* MCDBaseViewModel.m */,
			);
			path = Base;
			sourceTree = "<group>";
		};
		AF178C3E11EEDC08602214AC837132B7 /* MyPet */ = {
			isa = PBXGroup;
			children = (
				02751361EC141A047E06C292439605CC /* MCDCustomCell.h */,
				9255A05F066CC3006A99AB065006552D /* MCDCustomCell.m */,
			);
			path = MyPet;
			sourceTree = "<group>";
		};
		B75078E517C418E5B9719202E25D5497 /* Common */ = {
			isa = PBXGroup;
			children = (
				1C4C712CFAA9C55B75392F40B4407E09 /* MCDAvatarView.xib */,
				13AC8C98AB7655FA6220ADFC98DFA353 /* MCDBorderView.xib */,
				99D7740AA7AB0FBCFD0BE3704C4D9493 /* MCDButtonFormField.xib */,
				4612D8B53C10D64A5CBF31CEC149D9DC /* MCDButtonView.xib */,
				4E2F3DD1C1659196DDFAE3F17877E1A5 /* MCDRadioFormField.xib */,
				50CCED126EABDB7DBE5EB917928D5A1F /* MCDTextFormField.xib */,
			);
			path = Common;
			sourceTree = "<group>";
		};
		BA9EFC8939D4BD1B4FF36EA6A63FAAC9 /* MCDiary */ = {
			isa = PBXGroup;
			children = (
				E44EB8FEA4BF927FD49B932B92F64FE4 /* Classes */,
				C9868E254A80FFA3FD363831044F83DD /* Resouces */,
			);
			path = MCDiary;
			sourceTree = "<group>";
		};
		BD4A48DAB7424C7BE5FA144FA45FB056 /* Base */ = {
			isa = PBXGroup;
			children = (
				8BFC12CFB3C0A03ED06C7A08CCC3C63D /* MCDBaseViewController.h */,
				1D8D20AE523D20C554A22BA2D4B15617 /* MCDBaseViewController.m */,
			);
			path = Base;
			sourceTree = "<group>";
		};
		BD6497A2F39DBBDB61C893AB9C97838A /* ViewControllers */ = {
			isa = PBXGroup;
			children = (
				35F86E381BD2C6E9007DE39F /* Message */,
				BD4A48DAB7424C7BE5FA144FA45FB056 /* Base */,
				32C5C00CDA9E9EE86B6414ACC646FB93 /* Diary */,
				05BE1AEE12F0F1982A90B90D0D781AD6 /* Home */,
				D97D1C44C9FC37EC763C367A5B4D066F /* MyPet */,
				F0FA02AED43340E433B7C1C4A147C488 /* User */,
			);
			path = ViewControllers;
			sourceTree = "<group>";
		};
		C2A33318B9B8543B1307676B4CF3CF32 /* Vendor */ = {
			isa = PBXGroup;
			children = (
				6C58B70F2E1B17029A58FAA57548271D /* ActionSheetPicker */,
			);
			path = Vendor;
			sourceTree = "<group>";
		};
		C8A698D1E8899350E1E089F705F4D236 /* Diary */ = {
			isa = PBXGroup;
			children = (
				1841370CDB0DD01D2934764F2325A6A6 /* MCDPlaceHolderTextView.h */,
				A31696AEA853902F1CABBBD3F08E0346 /* MCDPlaceHolderTextView.m */,
				E302A69A7E0029DD59D48352CDB88FFF /* MCDiaryTableViewCell.h */,
				88DB424BBC9837EF7390CD9FDD35EDDB /* MCDiaryTableViewCell.m */,
			);
			path = Diary;
			sourceTree = "<group>";
		};
		C9868E254A80FFA3FD363831044F83DD /* Resouces */ = {
			isa = PBXGroup;
			children = (
				AB3590FA6788B33678B1EA4C2572A8DD /* Data */,
				9F90CA14F2937194A9B077BAB81B9247 /* XIBs */,
				C50F631928AD8ED071DAF78C1F7F3049 /* Images.xcassets */,
			);
			path = Resouces;
			sourceTree = "<group>";
		};
		D97D1C44C9FC37EC763C367A5B4D066F /* MyPet */ = {
			isa = PBXGroup;
			children = (
				C2F11E13E28983A8821058D7A409B354 /* MCDDetailPetViewController.h */,
				25CD0B32BD45175F7A1C4B8359B9AF00 /* MCDDetailPetViewController.m */,
				A9D968307307ED3DEC331D66DEB44F77 /* MCDMyPetViewController.h */,
				DEC96F669D102C1CD2901A3DB435C052 /* MCDMyPetViewController.m */,
			);
			path = MyPet;
			sourceTree = "<group>";
		};
		DD01F5D66A1B7999AFBC156BE95E4CA2 /* ViewModels */ = {
			isa = PBXGroup;
			children = (
				35F86E3C1BD2C98E007DE39F /* Message */,
				AD63591E1B467C93D8E71F9608236953 /* Base */,
				F1482723CB19372493B75F44567C4343 /* Home */,
				96B355599930780F7AB2F9CC7235E5AF /* User */,
			);
			path = ViewModels;
			sourceTree = "<group>";
		};
		E39E9C7934357F9042CF0F03C9449ABD /* Models */ = {
			isa = PBXGroup;
			children = (
				E8FC12F5E14FB9F1EDA2B5F14D6FB0FC /* MCDBaseModel.h */,
				22DCE14A01E72C1A23E1F318CCAAC9A6 /* MCDBaseModel.m */,
				35F86E231BD2C4C8007DE39F /* MCDMessageModel.h */,
				35F86E241BD2C4C8007DE39F /* MCDMessageModel.m */,
				DBCFFF618B992B514377EE3394B3F573 /* MCDMyPet.h */,
				3ADC30AE14C3F47785D95BF00B98AB87 /* MCDMyPet.m */,
				4896D8EEAE1EC3D3D2D374CFA7999C44 /* MCDMyPetDataModel.h */,
				1ACE270EB3D9F286D9681F958BAB6DFE /* MCDMyPetDataModel.m */,
				09EB2E4F876AF2DC732E6E6DAB6EB1A5 /* MCDUser.h */,
				361162CF61DD26BEAE56B58836C3DFEC /* MCDUser.m */,
				36B50923931CD17487C890E4AD900DDE /* MCDUserLocation.h */,
				30015BF332BFA8E89A2C5313598D064D /* MCDUserLocation.m */,
				454C31C368DE8A974ED46995ADDE1545 /* MCDiary.h */,
				1A08859B3A883AC29ED966263FF971B5 /* MCDiary.m */,
			);
			path = Models;
			sourceTree = "<group>";
		};
		E44EB8FEA4BF927FD49B932B92F64FE4 /* Classes */ = {
			isa = PBXGroup;
			children = (
				9491434AF38DFCA3AC473A0F64BD2432 /* CloudModels */,
				0A4A81F8722E5B06CC2265B333DF6F97 /* Global */,
				E39E9C7934357F9042CF0F03C9449ABD /* Models */,
				9D084389520BADC0806E653C7C013058 /* Supporting Files */,
				FBE209C93A884393845E0EE5C530FE47 /* Utils */,
				C2A33318B9B8543B1307676B4CF3CF32 /* Vendor */,
				BD6497A2F39DBBDB61C893AB9C97838A /* ViewControllers */,
				DD01F5D66A1B7999AFBC156BE95E4CA2 /* ViewModels */,
				9ABDD9FDB6FAD258C39AA1DE6B4125B8 /* Views */,
			);
			name = Classes;
			path = MCDiary/Classes;
			sourceTree = SOURCE_ROOT;
		};
		F0FA02AED43340E433B7C1C4A147C488 /* User */ = {
			isa = PBXGroup;
			children = (
				ADFDC724C115936972A09B73CAA1AECD /* MCDLoginViewController.h */,
				87CACC71DB3C654327859FBA7EA91385 /* MCDLoginViewController.m */,
				14D852906CF11904D4B29C0079D1B8A2 /* MCDSignupContainerViewController.h */,
				21A7D9AE4A4D5F325FD6C96492AD449E /* MCDSignupContainerViewController.m */,
				DFBAE70832D23EBEF7A0863E5DC829A1 /* MCDSignupContentViewController.h */,
				4CF4D17F9EE858BE833968794AAF8C09 /* MCDSignupContentViewController.m */,
				512635DC272AF8CD043783BEC1244130 /* MCDUserInfoContainerViewController.h */,
				5667A28E16E04B88404807E6DFACA9B5 /* MCDUserInfoContainerViewController.m */,
				7F0FD2654FDDE2070205B23AA252205D /* MCDUserInfoContentViewController.h */,
				010F1072AAAFA9BDBD7C8354232D03AD /* MCDUserInfoContentViewController.m */,
				152DABFAC725626294682DC980C76552 /* MCDUserModifyPasswordViewController.h */,
				BF921A7F7D4DE0BD53FDE1C086FD773C /* MCDUserModifyPasswordViewController.m */,
			);
			path = User;
			sourceTree = "<group>";
		};
		F1482723CB19372493B75F44567C4343 /* Home */ = {
			isa = PBXGroup;
			children = (
				43C13D90065CC5ED0D2F7504FA81BC9D /* MCDHomeViewModel.h */,
				29CEC8F0BAC6111C81C1A9854127F3F2 /* MCDHomeViewModel.m */,
			);
			path = Home;
			sourceTree = "<group>";
		};
		F62EC75A0CE10FE336DB340678ED72CB = {
			isa = PBXGroup;
			children = (
				16309ABCED11200A210D888A62CBC98C /* Frameworks */,
				BA9EFC8939D4BD1B4FF36EA6A63FAAC9 /* MCDiary */,
				5C6E155F616EC7022C7CDADCAE9DF294 /* Podfile */,
				987CA3B3E8733563BF271F7B9170C5FF /* Pods */,
				8DE0474BAB526BC9ADD9261319F5F7FF /* Products */,
			);
			sourceTree = "<group>";
		};
		FBE209C93A884393845E0EE5C530FE47 /* Utils */ = {
			isa = PBXGroup;
			children = (
				35F86E2C1BD2C58D007DE39F /* Network */,
				B6716A68AF191237D1238F889C98AE92 /* MCDDrawerControllerHelper.h */,
				B9A1C834CAC080627FF9C9499D1245B7 /* MCDDrawerControllerHelper.m */,
				83D829441458268E1191414D74B59565 /* MCDUserLocationHelper.h */,
				AEA28D5431799358A09F1A072A468976 /* MCDUserLocationHelper.m */,
				5947461EAE90AA2A044328B61028D7B0 /* UIColor+MCDiary.h */,
				9B49680DCF81809539597CEB163B0DDF /* UIColor+MCDiary.m */,
			);
			path = Utils;
			sourceTree = "<group>";
		};
/* End PBXGroup section */

/* Begin PBXNativeTarget section */
		AB54D77962F2DF0CAB5ED1B6A9D3E7A9 /* MCDiary */ = {
			isa = PBXNativeTarget;
			buildConfigurationList = DCDAD4253C744403E6096FE0A0A062AD /* Build configuration list for PBXNativeTarget "MCDiary" */;
			buildPhases = (
				70E53CB2CCF62A2F4C026CECB4552375 /* Check Pods Manifest.lock */,
				683F967F48D7285BC47D246935756410 /* Sources */,
				80FE8099DD1CE9A47E6E94A22367BDEC /* Frameworks */,
				4EDB828471EAD4223AB33543773E763E /* Resources */,
				0A3C57742040A46FA330B8E42B628D18 /* Copy Pods Resources */,
				1CCD4D309892DE10D489CCF1E4AFCF75 /* Embed Frameworks */,
				183F1DB7C1C286D0179FF9570F9F9B3C /* Embed Pods Frameworks */,
				030B64577829001011EDC4539FDB49B8 /* ShellScript */,
			);
			buildRules = (
			);
			dependencies = (
			);
			name = MCDiary;
			productName = MCDiary;
			productReference = 0BE90ADB97B53F75A5596E4337C3ED2F /* MCDiary.app */;
			productType = "com.apple.product-type.application";
		};
/* End PBXNativeTarget section */

/* Begin PBXProject section */
		5B496D00D0DC4F5D33916EA0B4590561 /* Project object */ = {
			isa = PBXProject;
			attributes = {
				LastSwiftMigration = 0700;
				LastUpgradeCheck = 0700;
				ORGANIZATIONNAME = zzdjk6;
				TargetAttributes = {
					AB54D77962F2DF0CAB5ED1B6A9D3E7A9 = {
						CreatedOnToolsVersion = 6.4;
						DevelopmentTeam = P2KQ62R5X2;
						SystemCapabilities = {
							com.apple.InAppPurchase = {
								enabled = 0;
							};
						};
					};
				};
			};
			buildConfigurationList = 418233E89C9076B219212E730BC836B1 /* Build configuration list for PBXProject "MCDiary" */;
			compatibilityVersion = "Xcode 6.3";
			developmentRegion = English;
			hasScannedForEncodings = 0;
			knownRegions = (
				en,
				Base,
			);
			mainGroup = F62EC75A0CE10FE336DB340678ED72CB;
			productRefGroup = 8DE0474BAB526BC9ADD9261319F5F7FF /* Products */;
			projectDirPath = "";
			projectRoot = "";
			targets = (
				AB54D77962F2DF0CAB5ED1B6A9D3E7A9 /* MCDiary */,
			);
		};
/* End PBXProject section */

/* Begin PBXResourcesBuildPhase section */
		4EDB828471EAD4223AB33543773E763E /* Resources */ = {
			isa = PBXResourcesBuildPhase;
			buildActionMask = 2147483647;
			files = (
				06C04868CA36BA09AF7E662D80C19434 /* Area.plist in Resources */,
				ABAA0941EABFC7CCC2600B88C5116126 /* Diary.storyboard in Resources */,
				882204B07ECA163074F3F1B899307202 /* Images.xcassets in Resources */,
				35F86E221BD2C1B3007DE39F /* MCDConfig.plist in Resources */,
				12458536D96A79ADB7A4739EC296695C /* LaunchScreen.xib in Resources */,
				45ADD37B0A4E95299F470041D0ADC0B0 /* MCDAvatarView.xib in Resources */,
				3C4509D0645E02EE7541EBC964EFB87B /* MCDBorderView.xib in Resources */,
				60FB302AC98FEB0D3B0F3863E19AA998 /* MCDButtonFormField.xib in Resources */,
				9A713CAC875B69B69043E39C1BBA193C /* MCDButtonView.xib in Resources */,
				54827AE4C625159A157B839F55290711 /* MCDRadioFormField.xib in Resources */,
				9B9B765A044C59A8802C1D1254A72D4D /* MCDTextFormField.xib in Resources */,
				7F1FA4D4249223C1124F27C253081175 /* Main.storyboard in Resources */,
				B670DF9DD0CB75966718ABE1605228AF /* MyPet.storyboard in Resources */,
				15B9FE759F6F73A6C1312108CD833E1F /* Podfile in Resources */,
				35F86E3E1BD2C9C8007DE39F /* Message.storyboard in Resources */,
				EA8578F45F09BAE4FFEED9B657535FB4 /* User.storyboard in Resources */,
			);
			runOnlyForDeploymentPostprocessing = 0;
		};
/* End PBXResourcesBuildPhase section */

/* Begin PBXShellScriptBuildPhase section */
		030B64577829001011EDC4539FDB49B8 /* ShellScript */ = {
			isa = PBXShellScriptBuildPhase;
			buildActionMask = 2147483647;
			files = (
			);
			inputPaths = (
			);
			outputPaths = (
			);
			runOnlyForDeploymentPostprocessing = 0;
			shellPath = /bin/sh;
			shellScript = "\"${PODS_ROOT}/Fabric/Fabric.framework/run\" b3e8f7d313d2586bd5561c85b780543c608e58a7 014b4db458c2033f8677eb251be94c77821ab25f89ee54bcd9f6a17e8c3f586f";
		};
		0A3C57742040A46FA330B8E42B628D18 /* Copy Pods Resources */ = {
			isa = PBXShellScriptBuildPhase;
			buildActionMask = 2147483647;
			files = (
			);
			inputPaths = (
			);
			name = "Copy Pods Resources";
			outputPaths = (
			);
			runOnlyForDeploymentPostprocessing = 0;
			shellPath = /bin/sh;
			shellScript = "\"${SRCROOT}/Pods/Target Support Files/Pods/Pods-resources.sh\"\n";
			showEnvVarsInLog = 0;
		};
		183F1DB7C1C286D0179FF9570F9F9B3C /* Embed Pods Frameworks */ = {
			isa = PBXShellScriptBuildPhase;
			buildActionMask = 2147483647;
			files = (
			);
			inputPaths = (
			);
			name = "Embed Pods Frameworks";
			outputPaths = (
			);
			runOnlyForDeploymentPostprocessing = 0;
			shellPath = /bin/sh;
			shellScript = "\"${SRCROOT}/Pods/Target Support Files/Pods/Pods-frameworks.sh\"\n";
			showEnvVarsInLog = 0;
		};
		70E53CB2CCF62A2F4C026CECB4552375 /* Check Pods Manifest.lock */ = {
			isa = PBXShellScriptBuildPhase;
			buildActionMask = 2147483647;
			files = (
			);
			inputPaths = (
			);
			name = "Check Pods Manifest.lock";
			outputPaths = (
			);
			runOnlyForDeploymentPostprocessing = 0;
			shellPath = /bin/sh;
			shellScript = "diff \"${PODS_ROOT}/../Podfile.lock\" \"${PODS_ROOT}/Manifest.lock\" > /dev/null\nif [[ $? != 0 ]] ; then\n    cat << EOM\nerror: The sandbox is not in sync with the Podfile.lock. Run 'pod install' or update your CocoaPods installation.\nEOM\n    exit 1\nfi\n";
			showEnvVarsInLog = 0;
		};
/* End PBXShellScriptBuildPhase section */

/* Begin PBXSourcesBuildPhase section */
		683F967F48D7285BC47D246935756410 /* Sources */ = {
			isa = PBXSourcesBuildPhase;
			buildActionMask = 2147483647;
			files = (
				0760BE0D3A03A55C27F43059604EFFAC /* AbstractActionSheetPicker.m in Sources */,
				D2D75828DE54A6097006A535A04C1934 /* ActionSheetCustomPicker.m in Sources */,
				0B382B038DA2F79AAB71DA688C9D4A8E /* ActionSheetDatePicker.m in Sources */,
				75472B56E54632F348523388B028F7DD /* ActionSheetDistancePicker.m in Sources */,
				4E52E7E1CE4A432B4C74D8A383109725 /* ActionSheetLocalePicker.m in Sources */,
				BA47D54B4BD331EBC953AD6EB18EFFC8 /* ActionSheetMultipleStringPicker.m in Sources */,
				494FB69AC7C36A9867DC644396952E32 /* ActionSheetStringPicker.m in Sources */,
				BA0B33DE2CD612ADC87A5AD862ACC65B /* AppDelegate.m in Sources */,
				2857D38FA6DF2990721292330AA42946 /* DistancePickerView.m in Sources */,
				B2F268A6FE79BC38F620BED9D8F968A0 /* MCDAreaPickerViewModel.m in Sources */,
				A01D82508803113774E8853B9C592251 /* MCDAvatarView.m in Sources */,
				49FDBA643B7EB2148454D804924F9886 /* MCDBaseModel.m in Sources */,
				623835A0E4BC097C04CE27C3255576D0 /* MCDBaseViewController.m in Sources */,
				73EF986EAB882A5A72E10D57059209E0 /* MCDBaseViewModel.m in Sources */,
				D72C19EBA4F8B0FA7F010A4861D5E38B /* MCDBorderView.m in Sources */,
				441F02BB5C55DDC681C38561BE096929 /* MCDButtonFormField.m in Sources */,
				E97C55E6572274ADBC1BDDE98863C395 /* MCDButtonView.m in Sources */,
				596965B9114BB345D49F20D326AA1883 /* MCDCloudUserInfo.m in Sources */,
				35F86E371BD2C6E0007DE39F /* MCDWebViewController.m in Sources */,
				912E182FA47B57248A1E9C4140EB420E /* MCDCreateDiaryViewController.m in Sources */,
				BE3B413439EF2605731F853B9D0A418C /* MCDCustomCell.m in Sources */,
				7575013524221BD2CD05106A07A3A0A4 /* MCDCustomView.m in Sources */,
				D8B1C0A782A006F05520469A5AC1E044 /* MCDDetailPetViewController.m in Sources */,
				0C0DB7D4DA02D4F40BEEFC42BFB2CF32 /* MCDDrawerControllerHelper.m in Sources */,
				35F86E251BD2C4C8007DE39F /* MCDMessageModel.m in Sources */,
				AA6AA023959872F4F72A91B274EA98BA /* MCDHomeViewController.m in Sources */,
				35F86E2A1BD2C587007DE39F /* MCDMessageParser.m in Sources */,
				82BB26BA7C5E8AA779F6D71A845DFE03 /* MCDHomeViewModel.m in Sources */,
				293B17F4F2B44BA8E06982FE738CE293 /* MCDLeftDrawerViewController.m in Sources */,
				35F86E351BD2C6E0007DE39F /* MCDMessageTableViewCell.m in Sources */,
				17BB90D78325355516407758648957AF /* MCDLoginViewController.m in Sources */,
				6E6081F29B5326D4BFA64E014E0C2347 /* MCDLoginViewModel.m in Sources */,
				35F86E2B1BD2C587007DE39F /* MCDMessageRequest.m in Sources */,
				35F86E3B1BD2C98A007DE39F /* MCDMessageViewModel.m in Sources */,
				A39D8BBF715FCC400E9828A63B7B1DF3 /* MCDMyPet.m in Sources */,
				7AC2B1BC71685984D6AC0B0B8CEACC79 /* MCDMyPetDataModel.m in Sources */,
				ECB575A6F33272295EF7BFCB71E023EE /* MCDMyPetViewController.m in Sources */,
				76255706E550D7882DBB25E38FB655F6 /* MCDPlaceHolderTextView.m in Sources */,
				7F201402D9FF793E31F004B3718F8524 /* MCDPresentImagesViewController.m in Sources */,
				7BF8180F30B92BE82C632CB88406AEC5 /* MCDRadioFormField.m in Sources */,
				F50CDA65B6F6E76294C3FBF69D9A859E /* MCDShowImageViewController.m in Sources */,
				A47B5AF2536BC72C923B289B12F526C6 /* MCDSignupContainerViewController.m in Sources */,
				B4ADC9BB3955CD6FC060A981D7F1C10D /* MCDSignupContentViewController.m in Sources */,
				D8884C62E7A6850E4ADF36DC7D0F148F /* MCDSignupContentViewModel.m in Sources */,
				E546A7373EA53091789944E4A8E32825 /* MCDTextFormField.m in Sources */,
				04684330D7648B05A995B85EDDBB8830 /* MCDUser.m in Sources */,
				63EACDD3DB2DB3DD3A17018D983BDA41 /* MCDUserInfoContainerViewController.m in Sources */,
				A779B9D5AC867B88653DDA206B39F103 /* MCDUserInfoContentViewController.m in Sources */,
				A6577D74470094586D94E94F2B42CD00 /* MCDUserInfoContentViewModel.m in Sources */,
				B362A128F9B6AFBB20CE530EB984C81B /* MCDUserLocation.m in Sources */,
				EBF2769AA84CC645715A3006D564E2CE /* MCDUserLocationHelper.m in Sources */,
				175062DED311ACCD98C384A85779FC3C /* MCDUserModifyPasswordViewController.m in Sources */,
				A7FF5988FECA62C391A45FAC33B700AD /* MCDUserModifyPasswordViewModel.m in Sources */,
				99D7FC2FDD119650D21018C5EA647B33 /* MCDiary.m in Sources */,
				2D67A6C0D74CF6795A963DA9F055A3D6 /* MCDiaryTableViewCell.m in Sources */,
				44BCC09F17AC62B32236283A797C0B18 /* MCDiaryTimeLineViewController.m in Sources */,
				420271320B7E021261CB17CB1D159977 /* SWActionSheet.m in Sources */,
				AE6DB083C43D8FC0617C16E9EFED98ED /* UIColor+MCDiary.m in Sources */,
				ED6737D6E5569A7A693EE8872EA9F1CF /* main.m in Sources */,
				35F86E361BD2C6E0007DE39F /* MCDMessageTableViewController.m in Sources */,
			);
			runOnlyForDeploymentPostprocessing = 0;
		};
/* End PBXSourcesBuildPhase section */

/* Begin XCBuildConfiguration section */
		7D4135A056922D5B5812DEB86D2B7DAF /* Debug */ = {
			isa = XCBuildConfiguration;
			baseConfigurationReference = 8DBBDC29AFD1D4F0ADF37C6C8685B9C3 /* Pods.debug.xcconfig */;
			buildSettings = {
				ASSETCATALOG_COMPILER_APPICON_NAME = AppIcon;
				ASSETCATALOG_COMPILER_LAUNCHIMAGE_NAME = LaunchImage;
				CODE_SIGN_IDENTITY = "iPhone Developer";
				"CODE_SIGN_IDENTITY[sdk=iphoneos*]" = "iPhone Developer";
				DEBUG_INFORMATION_FORMAT = "dwarf-with-dsym";
				ENABLE_BITCODE = NO;
				FRAMEWORK_SEARCH_PATHS = (
					"$(inherited)",
					"$(SRCROOT)/**",
				);
				GCC_INCREASE_PRECOMPILED_HEADER_SHARING = YES;
				GCC_PRECOMPILE_PREFIX_HEADER = YES;
				GCC_PREFIX_HEADER = "$(SRCROOT)/$(TARGET_NAME)/Classes/Supporting Files/MCDPrefixHeader.pch";
				INFOPLIST_FILE = "$(SRCROOT)/MCDiary/Classes/Supporting Files/Info.plist";
				LD_RUNPATH_SEARCH_PATHS = "$(inherited)";
				LIBRARY_SEARCH_PATHS = (
					"$(inherited)",
					"$(SRCROOT)/**",
				);
				OTHER_LDFLAGS = "$(inherited)";
				PRODUCT_BUNDLE_IDENTIFIER = "info.zzdjk6.$(PRODUCT_NAME:rfc1034identifier)";
				PRODUCT_NAME = "$(TARGET_NAME)";
				PROVISIONING_PROFILE = "17324f31-4f68-4067-8ec3-1c1545a40452";
				USER_HEADER_SEARCH_PATHS = "\"${PROJECT_DIR}/Pods\"/** \"${PROJECT_DIR}/Pods\"/** \"${PROJECT_DIR}/Pods\"/**";
			};
			name = Debug;
		};
		7E9D2DFE1620FD8A12C62ABAD384BF81 /* Debug */ = {
			isa = XCBuildConfiguration;
			buildSettings = {
				ALWAYS_SEARCH_USER_PATHS = NO;
				CLANG_CXX_LANGUAGE_STANDARD = "gnu++0x";
				CLANG_CXX_LIBRARY = "libc++";
				CLANG_ENABLE_MODULES = YES;
				CLANG_ENABLE_OBJC_ARC = YES;
				CLANG_WARN_BOOL_CONVERSION = YES;
				CLANG_WARN_CONSTANT_CONVERSION = YES;
				CLANG_WARN_DIRECT_OBJC_ISA_USAGE = YES_ERROR;
				CLANG_WARN_EMPTY_BODY = YES;
				CLANG_WARN_ENUM_CONVERSION = YES;
				CLANG_WARN_INT_CONVERSION = YES;
				CLANG_WARN_OBJC_ROOT_CLASS = YES_ERROR;
				CLANG_WARN_UNREACHABLE_CODE = YES;
				CLANG_WARN__DUPLICATE_METHOD_MATCH = YES;
				CODE_SIGN_IDENTITY = "";
				"CODE_SIGN_IDENTITY[sdk=iphoneos*]" = "iPhone Developer";
				COPY_PHASE_STRIP = NO;
				DEBUG_INFORMATION_FORMAT = "dwarf-with-dsym";
				ENABLE_BITCODE = NO;
				ENABLE_STRICT_OBJC_MSGSEND = YES;
				ENABLE_TESTABILITY = YES;
				GCC_C_LANGUAGE_STANDARD = gnu99;
				GCC_DYNAMIC_NO_PIC = NO;
				GCC_NO_COMMON_BLOCKS = YES;
				GCC_OPTIMIZATION_LEVEL = 0;
				GCC_PREPROCESSOR_DEFINITIONS = (
					"DEBUG=1",
					"$(inherited)",
				);
				GCC_SYMBOLS_PRIVATE_EXTERN = NO;
				GCC_WARN_64_TO_32_BIT_CONVERSION = YES;
				GCC_WARN_ABOUT_RETURN_TYPE = YES_ERROR;
				GCC_WARN_UNDECLARED_SELECTOR = YES;
				GCC_WARN_UNINITIALIZED_AUTOS = YES_AGGRESSIVE;
				GCC_WARN_UNUSED_FUNCTION = YES;
				GCC_WARN_UNUSED_VARIABLE = YES;
				IPHONEOS_DEPLOYMENT_TARGET = 8.0;
				MTL_ENABLE_DEBUG_INFO = YES;
				ONLY_ACTIVE_ARCH = YES;
				SDKROOT = iphoneos;
			};
			name = Debug;
		};
		F627A58730D6832136C2CC0877E86674 /* Release */ = {
			isa = XCBuildConfiguration;
			baseConfigurationReference = 7A2D42C411E3C675981D3AA048427F00 /* Pods.release.xcconfig */;
			buildSettings = {
				ASSETCATALOG_COMPILER_APPICON_NAME = AppIcon;
				ASSETCATALOG_COMPILER_LAUNCHIMAGE_NAME = LaunchImage;
				CODE_SIGN_IDENTITY = "iPhone Developer";
				"CODE_SIGN_IDENTITY[sdk=iphoneos*]" = "iPhone Developer";
				DEBUG_INFORMATION_FORMAT = "dwarf-with-dsym";
				ENABLE_BITCODE = NO;
				FRAMEWORK_SEARCH_PATHS = (
					"$(inherited)",
					"$(SRCROOT)/**",
				);
				GCC_INCREASE_PRECOMPILED_HEADER_SHARING = YES;
				GCC_PRECOMPILE_PREFIX_HEADER = YES;
				GCC_PREFIX_HEADER = "$(SRCROOT)/$(TARGET_NAME)/Classes/Supporting Files/MCDPrefixHeader.pch";
				INFOPLIST_FILE = "$(SRCROOT)/MCDiary/Classes/Supporting Files/Info.plist";
				LD_RUNPATH_SEARCH_PATHS = "$(inherited)";
				LIBRARY_SEARCH_PATHS = (
					"$(inherited)",
					"$(SRCROOT)/**",
				);
				OTHER_LDFLAGS = "$(inherited)";
				PRODUCT_BUNDLE_IDENTIFIER = "info.zzdjk6.$(PRODUCT_NAME:rfc1034identifier)";
				PRODUCT_NAME = "$(TARGET_NAME)";
				PROVISIONING_PROFILE = "17324f31-4f68-4067-8ec3-1c1545a40452";
				USER_HEADER_SEARCH_PATHS = "\"${PROJECT_DIR}/Pods\"/** \"${PROJECT_DIR}/Pods\"/** \"${PROJECT_DIR}/Pods\"/**";
			};
			name = Release;
		};
		FF9B1FDD1D3C9A65AD771172CE9BFF7D /* Release */ = {
			isa = XCBuildConfiguration;
			buildSettings = {
				ALWAYS_SEARCH_USER_PATHS = NO;
				CLANG_CXX_LANGUAGE_STANDARD = "gnu++0x";
				CLANG_CXX_LIBRARY = "libc++";
				CLANG_ENABLE_MODULES = YES;
				CLANG_ENABLE_OBJC_ARC = YES;
				CLANG_WARN_BOOL_CONVERSION = YES;
				CLANG_WARN_CONSTANT_CONVERSION = YES;
				CLANG_WARN_DIRECT_OBJC_ISA_USAGE = YES_ERROR;
				CLANG_WARN_EMPTY_BODY = YES;
				CLANG_WARN_ENUM_CONVERSION = YES;
				CLANG_WARN_INT_CONVERSION = YES;
				CLANG_WARN_OBJC_ROOT_CLASS = YES_ERROR;
				CLANG_WARN_UNREACHABLE_CODE = YES;
				CLANG_WARN__DUPLICATE_METHOD_MATCH = YES;
				CODE_SIGN_IDENTITY = "";
				"CODE_SIGN_IDENTITY[sdk=iphoneos*]" = "iPhone Developer";
				COPY_PHASE_STRIP = NO;
				DEBUG_INFORMATION_FORMAT = "dwarf-with-dsym";
				ENABLE_BITCODE = NO;
				ENABLE_NS_ASSERTIONS = NO;
				ENABLE_STRICT_OBJC_MSGSEND = YES;
				GCC_C_LANGUAGE_STANDARD = gnu99;
				GCC_NO_COMMON_BLOCKS = YES;
				GCC_WARN_64_TO_32_BIT_CONVERSION = YES;
				GCC_WARN_ABOUT_RETURN_TYPE = YES_ERROR;
				GCC_WARN_UNDECLARED_SELECTOR = YES;
				GCC_WARN_UNINITIALIZED_AUTOS = YES_AGGRESSIVE;
				GCC_WARN_UNUSED_FUNCTION = YES;
				GCC_WARN_UNUSED_VARIABLE = YES;
				IPHONEOS_DEPLOYMENT_TARGET = 8.0;
				MTL_ENABLE_DEBUG_INFO = NO;
				SDKROOT = iphoneos;
				VALIDATE_PRODUCT = YES;
			};
			name = Release;
		};
/* End XCBuildConfiguration section */

/* Begin XCConfigurationList section */
		418233E89C9076B219212E730BC836B1 /* Build configuration list for PBXProject "MCDiary" */ = {
			isa = XCConfigurationList;
			buildConfigurations = (
				7E9D2DFE1620FD8A12C62ABAD384BF81 /* Debug */,
				FF9B1FDD1D3C9A65AD771172CE9BFF7D /* Release */,
			);
			defaultConfigurationIsVisible = 0;
			defaultConfigurationName = Release;
		};
		DCDAD4253C744403E6096FE0A0A062AD /* Build configuration list for PBXNativeTarget "MCDiary" */ = {
			isa = XCConfigurationList;
			buildConfigurations = (
				7D4135A056922D5B5812DEB86D2B7DAF /* Debug */,
				F627A58730D6832136C2CC0877E86674 /* Release */,
			);
			defaultConfigurationIsVisible = 0;
			defaultConfigurationName = Release;
		};
/* End XCConfigurationList section */
	};
	rootObject = 5B496D00D0DC4F5D33916EA0B4590561 /* Project object */;
}
